// !$*UTF8*$!
{
	archiveVersion = 1;
	classes = {
	};
	objectVersion = 50;
	objects = {

/* Begin PBXBuildFile section */
		1904F04F22F29A8900C93826 /* Cocoa.framework in Frameworks */ = {isa = PBXBuildFile; fileRef = 1941A4CA22E9551400AF66B7 /* Cocoa.framework */; };
		1904F05222F29A8900C93826 /* blockerList.json in Resources */ = {isa = PBXBuildFile; fileRef = 1904F05122F29A8900C93826 /* blockerList.json */; };
		1904F05422F29A8900C93826 /* ContentBlockerRequestHandler.swift in Sources */ = {isa = PBXBuildFile; fileRef = 1904F05322F29A8900C93826 /* ContentBlockerRequestHandler.swift */; };
		1904F05922F29A8900C93826 /* uBlock filters - Badware risks.appex in Embed App Extensions */ = {isa = PBXBuildFile; fileRef = 1904F04E22F29A8900C93826 /* uBlock filters - Badware risks.appex */; settings = {ATTRIBUTES = (RemoveHeadersOnCopy, ); }; };
		1904F06222F29B0B00C93826 /* Cocoa.framework in Frameworks */ = {isa = PBXBuildFile; fileRef = 1941A4CA22E9551400AF66B7 /* Cocoa.framework */; };
		1904F06522F29B0B00C93826 /* blockerList.json in Resources */ = {isa = PBXBuildFile; fileRef = 1904F06422F29B0B00C93826 /* blockerList.json */; };
		1904F06722F29B0B00C93826 /* ContentBlockerRequestHandler.swift in Sources */ = {isa = PBXBuildFile; fileRef = 1904F06622F29B0B00C93826 /* ContentBlockerRequestHandler.swift */; };
		1904F06C22F29B0B00C93826 /* uBlock filters - Privacy.appex in Embed App Extensions */ = {isa = PBXBuildFile; fileRef = 1904F06122F29B0B00C93826 /* uBlock filters - Privacy.appex */; settings = {ATTRIBUTES = (RemoveHeadersOnCopy, ); }; };
		1904F07522F29B3F00C93826 /* Cocoa.framework in Frameworks */ = {isa = PBXBuildFile; fileRef = 1941A4CA22E9551400AF66B7 /* Cocoa.framework */; };
		1904F07822F29B3F00C93826 /* blockerList.json in Resources */ = {isa = PBXBuildFile; fileRef = 1904F07722F29B3F00C93826 /* blockerList.json */; };
		1904F07A22F29B3F00C93826 /* ContentBlockerRequestHandler.swift in Sources */ = {isa = PBXBuildFile; fileRef = 1904F07922F29B3F00C93826 /* ContentBlockerRequestHandler.swift */; };
		1904F07F22F29B3F00C93826 /* uBlock filters - Resource abuse.appex in Embed App Extensions */ = {isa = PBXBuildFile; fileRef = 1904F07422F29B3F00C93826 /* uBlock filters - Resource abuse.appex */; settings = {ATTRIBUTES = (RemoveHeadersOnCopy, ); }; };
		1904F08822F29B7F00C93826 /* Cocoa.framework in Frameworks */ = {isa = PBXBuildFile; fileRef = 1941A4CA22E9551400AF66B7 /* Cocoa.framework */; };
		1904F08B22F29B7F00C93826 /* blockerList.json in Resources */ = {isa = PBXBuildFile; fileRef = 1904F08A22F29B7F00C93826 /* blockerList.json */; };
		1904F08D22F29B7F00C93826 /* ContentBlockerRequestHandler.swift in Sources */ = {isa = PBXBuildFile; fileRef = 1904F08C22F29B7F00C93826 /* ContentBlockerRequestHandler.swift */; };
		1904F09222F29B7F00C93826 /* uBlock filters - Unbreak.appex in Embed App Extensions */ = {isa = PBXBuildFile; fileRef = 1904F08722F29B7F00C93826 /* uBlock filters - Unbreak.appex */; settings = {ATTRIBUTES = (RemoveHeadersOnCopy, ); }; };
		1904F09B22F36A4D00C93826 /* Cocoa.framework in Frameworks */ = {isa = PBXBuildFile; fileRef = 1941A4CA22E9551400AF66B7 /* Cocoa.framework */; };
		1904F09E22F36A4D00C93826 /* blockerList.json in Resources */ = {isa = PBXBuildFile; fileRef = 1904F09D22F36A4D00C93826 /* blockerList.json */; };
		1904F0A022F36A4D00C93826 /* ContentBlockerRequestHandler.swift in Sources */ = {isa = PBXBuildFile; fileRef = 1904F09F22F36A4D00C93826 /* ContentBlockerRequestHandler.swift */; };
		1904F0A522F36A4D00C93826 /* uBlock - EasyPrivacy.appex in Embed App Extensions */ = {isa = PBXBuildFile; fileRef = 1904F09A22F36A4D00C93826 /* uBlock - EasyPrivacy.appex */; settings = {ATTRIBUTES = (RemoveHeadersOnCopy, ); }; };
		19151FAA22F2523E00A4388D /* Cocoa.framework in Frameworks */ = {isa = PBXBuildFile; fileRef = 1941A4CA22E9551400AF66B7 /* Cocoa.framework */; };
		19151FAD22F2523E00A4388D /* blockerList.json in Resources */ = {isa = PBXBuildFile; fileRef = 19151FAC22F2523E00A4388D /* blockerList.json */; };
		19151FAF22F2523E00A4388D /* ContentBlockerRequestHandler.swift in Sources */ = {isa = PBXBuildFile; fileRef = 19151FAE22F2523E00A4388D /* ContentBlockerRequestHandler.swift */; };
		19151FB422F2523E00A4388D /* uBlock filters.appex in Embed App Extensions */ = {isa = PBXBuildFile; fileRef = 19151FA922F2523E00A4388D /* uBlock filters.appex */; settings = {ATTRIBUTES = (RemoveHeadersOnCopy, ); }; };
		1941A4B622E9551300AF66B7 /* uBlock_Origin.entitlements in Resources */ = {isa = PBXBuildFile; fileRef = 1941A4B522E9551300AF66B7 /* uBlock_Origin.entitlements */; };
		1941A4B822E9551300AF66B7 /* AppDelegate.swift in Sources */ = {isa = PBXBuildFile; fileRef = 1941A4B722E9551300AF66B7 /* AppDelegate.swift */; };
		1941A4BB22E9551300AF66B7 /* Main.storyboard in Resources */ = {isa = PBXBuildFile; fileRef = 1941A4B922E9551300AF66B7 /* Main.storyboard */; };
		1941A4BD22E9551300AF66B7 /* ViewController.swift in Sources */ = {isa = PBXBuildFile; fileRef = 1941A4BC22E9551300AF66B7 /* ViewController.swift */; };
		1941A4BF22E9551400AF66B7 /* Assets.xcassets in Resources */ = {isa = PBXBuildFile; fileRef = 1941A4BE22E9551400AF66B7 /* Assets.xcassets */; };
		1941A4C622E9551400AF66B7 /* uBlock Origin Extension.appex in Embed App Extensions */ = {isa = PBXBuildFile; fileRef = 1941A4C522E9551400AF66B7 /* uBlock Origin Extension.appex */; settings = {ATTRIBUTES = (RemoveHeadersOnCopy, ); }; };
		1941A4CB22E9551400AF66B7 /* Cocoa.framework in Frameworks */ = {isa = PBXBuildFile; fileRef = 1941A4CA22E9551400AF66B7 /* Cocoa.framework */; };
		1941A4CE22E9551400AF66B7 /* SafariExtensionHandler.swift in Sources */ = {isa = PBXBuildFile; fileRef = 1941A4CD22E9551400AF66B7 /* SafariExtensionHandler.swift */; };
		1941A4D022E9551400AF66B7 /* SafariExtensionViewController.swift in Sources */ = {isa = PBXBuildFile; fileRef = 1941A4CF22E9551400AF66B7 /* SafariExtensionViewController.swift */; };
		1941A4D322E9551400AF66B7 /* SafariExtensionViewController.xib in Resources */ = {isa = PBXBuildFile; fileRef = 1941A4D122E9551400AF66B7 /* SafariExtensionViewController.xib */; };
		1941A4D622E9551400AF66B7 /* script.js in Resources */ = {isa = PBXBuildFile; fileRef = 1941A4D522E9551400AF66B7 /* script.js */; };
		1941A4D822E9551400AF66B7 /* ToolbarItemIcon.pdf in Resources */ = {isa = PBXBuildFile; fileRef = 1941A4D722E9551400AF66B7 /* ToolbarItemIcon.pdf */; };
		1941A4F722E9574500AF66B7 /* power-button-off.png in Resources */ = {isa = PBXBuildFile; fileRef = 1941A4F622E9574500AF66B7 /* power-button-off.png */; };
		1941A50422EA6C4D00AF66B7 /* safari-icon16@2x.png in Resources */ = {isa = PBXBuildFile; fileRef = 1941A4FE22EA6C4D00AF66B7 /* safari-icon16@2x.png */; };
		1941A50522EA6C4D00AF66B7 /* safari-icon16-off.png in Resources */ = {isa = PBXBuildFile; fileRef = 1941A4FF22EA6C4D00AF66B7 /* safari-icon16-off.png */; };
		1941A50622EA6C4D00AF66B7 /* safari-icon16-off.svg in Resources */ = {isa = PBXBuildFile; fileRef = 1941A50022EA6C4D00AF66B7 /* safari-icon16-off.svg */; };
		1941A50722EA6C4D00AF66B7 /* safari-icon16.png in Resources */ = {isa = PBXBuildFile; fileRef = 1941A50122EA6C4D00AF66B7 /* safari-icon16.png */; };
		1941A50822EA6C4D00AF66B7 /* safari-icon16-off@2x.png in Resources */ = {isa = PBXBuildFile; fileRef = 1941A50222EA6C4D00AF66B7 /* safari-icon16-off@2x.png */; };
		1941A50922EA6C4D00AF66B7 /* safari-icon16.svg in Resources */ = {isa = PBXBuildFile; fileRef = 1941A50322EA6C4D00AF66B7 /* safari-icon16.svg */; };
		19BF970622F36ADD00E64B5A /* Cocoa.framework in Frameworks */ = {isa = PBXBuildFile; fileRef = 1941A4CA22E9551400AF66B7 /* Cocoa.framework */; };
		19BF970922F36ADD00E64B5A /* blockerList.json in Resources */ = {isa = PBXBuildFile; fileRef = 19BF970822F36ADD00E64B5A /* blockerList.json */; };
		19BF970B22F36ADD00E64B5A /* ContentBlockerRequestHandler.swift in Sources */ = {isa = PBXBuildFile; fileRef = 19BF970A22F36ADD00E64B5A /* ContentBlockerRequestHandler.swift */; };
		19BF971022F36ADD00E64B5A /* uBlock - Malware Domain List.appex in Embed App Extensions */ = {isa = PBXBuildFile; fileRef = 19BF970522F36ADD00E64B5A /* uBlock - Malware Domain List.appex */; settings = {ATTRIBUTES = (RemoveHeadersOnCopy, ); }; };
		19BF971922F36B3C00E64B5A /* Cocoa.framework in Frameworks */ = {isa = PBXBuildFile; fileRef = 1941A4CA22E9551400AF66B7 /* Cocoa.framework */; };
		19BF971C22F36B3C00E64B5A /* blockerList.json in Resources */ = {isa = PBXBuildFile; fileRef = 19BF971B22F36B3C00E64B5A /* blockerList.json */; };
		19BF971E22F36B3C00E64B5A /* ContentBlockerRequestHandler.swift in Sources */ = {isa = PBXBuildFile; fileRef = 19BF971D22F36B3C00E64B5A /* ContentBlockerRequestHandler.swift */; };
		19BF972322F36B3C00E64B5A /* uBlock - Malware domains.appex in Embed App Extensions */ = {isa = PBXBuildFile; fileRef = 19BF971822F36B3C00E64B5A /* uBlock - Malware domains.appex */; settings = {ATTRIBUTES = (RemoveHeadersOnCopy, ); }; };
		19BF972C22F36C7900E64B5A /* Cocoa.framework in Frameworks */ = {isa = PBXBuildFile; fileRef = 1941A4CA22E9551400AF66B7 /* Cocoa.framework */; };
		19BF972F22F36C7900E64B5A /* blockerList.json in Resources */ = {isa = PBXBuildFile; fileRef = 19BF972E22F36C7900E64B5A /* blockerList.json */; };
		19BF973122F36C7900E64B5A /* ContentBlockerRequestHandler.swift in Sources */ = {isa = PBXBuildFile; fileRef = 19BF973022F36C7900E64B5A /* ContentBlockerRequestHandler.swift */; };
		19BF973622F36C7900E64B5A /* uBlock - Peter Lowe’s Ad and tracking server list.appex in Embed App Extensions */ = {isa = PBXBuildFile; fileRef = 19BF972B22F36C7900E64B5A /* uBlock - Peter Lowe’s Ad and tracking server list.appex */; settings = {ATTRIBUTES = (RemoveHeadersOnCopy, ); }; };
		19BF973F22F3707900E64B5A /* Cocoa.framework in Frameworks */ = {isa = PBXBuildFile; fileRef = 1941A4CA22E9551400AF66B7 /* Cocoa.framework */; };
		19BF974222F3707900E64B5A /* blockerList.json in Resources */ = {isa = PBXBuildFile; fileRef = 19BF974122F3707900E64B5A /* blockerList.json */; };
		19BF974422F3707900E64B5A /* ContentBlockerRequestHandler.swift in Sources */ = {isa = PBXBuildFile; fileRef = 19BF974322F3707900E64B5A /* ContentBlockerRequestHandler.swift */; };
		19BF974922F3707900E64B5A /* uBlock - EasyList A.appex in Embed App Extensions */ = {isa = PBXBuildFile; fileRef = 19BF973E22F3707900E64B5A /* uBlock - EasyList A.appex */; settings = {ATTRIBUTES = (RemoveHeadersOnCopy, ); }; };
		19BF975222F3732500E64B5A /* Cocoa.framework in Frameworks */ = {isa = PBXBuildFile; fileRef = 1941A4CA22E9551400AF66B7 /* Cocoa.framework */; };
		19BF975522F3732500E64B5A /* blockerList.json in Resources */ = {isa = PBXBuildFile; fileRef = 19BF975422F3732500E64B5A /* blockerList.json */; };
		19BF975722F3732500E64B5A /* ContentBlockerRequestHandler.swift in Sources */ = {isa = PBXBuildFile; fileRef = 19BF975622F3732500E64B5A /* ContentBlockerRequestHandler.swift */; };
		19BF975C22F3732500E64B5A /* uBlock - EasyList B.appex in Embed App Extensions */ = {isa = PBXBuildFile; fileRef = 19BF975122F3732500E64B5A /* uBlock - EasyList B.appex */; settings = {ATTRIBUTES = (RemoveHeadersOnCopy, ); }; };
/* End PBXBuildFile section */

/* Begin PBXContainerItemProxy section */
		1904F05722F29A8900C93826 /* PBXContainerItemProxy */ = {
			isa = PBXContainerItemProxy;
			containerPortal = 1941A4AA22E9551300AF66B7 /* Project object */;
			proxyType = 1;
			remoteGlobalIDString = 1904F04D22F29A8900C93826;
			remoteInfo = "uBlock filters - Badware risks";
		};
		1904F06A22F29B0B00C93826 /* PBXContainerItemProxy */ = {
			isa = PBXContainerItemProxy;
			containerPortal = 1941A4AA22E9551300AF66B7 /* Project object */;
			proxyType = 1;
			remoteGlobalIDString = 1904F06022F29B0B00C93826;
			remoteInfo = "uBlock filters - Privacy";
		};
		1904F07D22F29B3F00C93826 /* PBXContainerItemProxy */ = {
			isa = PBXContainerItemProxy;
			containerPortal = 1941A4AA22E9551300AF66B7 /* Project object */;
			proxyType = 1;
			remoteGlobalIDString = 1904F07322F29B3F00C93826;
			remoteInfo = "uBlock filters - Resource abuse";
		};
		1904F09022F29B7F00C93826 /* PBXContainerItemProxy */ = {
			isa = PBXContainerItemProxy;
			containerPortal = 1941A4AA22E9551300AF66B7 /* Project object */;
			proxyType = 1;
			remoteGlobalIDString = 1904F08622F29B7F00C93826;
			remoteInfo = "uBlock filters - Unbreak";
		};
		1904F0A322F36A4D00C93826 /* PBXContainerItemProxy */ = {
			isa = PBXContainerItemProxy;
			containerPortal = 1941A4AA22E9551300AF66B7 /* Project object */;
			proxyType = 1;
			remoteGlobalIDString = 1904F09922F36A4D00C93826;
			remoteInfo = "uBlock - EasyPrivacy";
		};
		19151FB222F2523E00A4388D /* PBXContainerItemProxy */ = {
			isa = PBXContainerItemProxy;
			containerPortal = 1941A4AA22E9551300AF66B7 /* Project object */;
			proxyType = 1;
			remoteGlobalIDString = 19151FA822F2523E00A4388D;
			remoteInfo = "uBlock filters";
		};
		1941A4C722E9551400AF66B7 /* PBXContainerItemProxy */ = {
			isa = PBXContainerItemProxy;
			containerPortal = 1941A4AA22E9551300AF66B7 /* Project object */;
			proxyType = 1;
			remoteGlobalIDString = 1941A4C422E9551400AF66B7;
			remoteInfo = "uBlock Origin Extension";
		};
		19BF970E22F36ADD00E64B5A /* PBXContainerItemProxy */ = {
			isa = PBXContainerItemProxy;
			containerPortal = 1941A4AA22E9551300AF66B7 /* Project object */;
			proxyType = 1;
			remoteGlobalIDString = 19BF970422F36ADD00E64B5A;
			remoteInfo = "uBlock - Malware Domain List";
		};
		19BF972122F36B3C00E64B5A /* PBXContainerItemProxy */ = {
			isa = PBXContainerItemProxy;
			containerPortal = 1941A4AA22E9551300AF66B7 /* Project object */;
			proxyType = 1;
			remoteGlobalIDString = 19BF971722F36B3C00E64B5A;
			remoteInfo = "uBlock - Malware domains";
		};
		19BF973422F36C7900E64B5A /* PBXContainerItemProxy */ = {
			isa = PBXContainerItemProxy;
			containerPortal = 1941A4AA22E9551300AF66B7 /* Project object */;
			proxyType = 1;
			remoteGlobalIDString = 19BF972A22F36C7900E64B5A;
			remoteInfo = "uBlock - Peter Lowe’s Ad and tracking server list";
		};
		19BF974722F3707900E64B5A /* PBXContainerItemProxy */ = {
			isa = PBXContainerItemProxy;
			containerPortal = 1941A4AA22E9551300AF66B7 /* Project object */;
			proxyType = 1;
			remoteGlobalIDString = 19BF973D22F3707900E64B5A;
			remoteInfo = "uBlock - EasyList A";
		};
		19BF975A22F3732500E64B5A /* PBXContainerItemProxy */ = {
			isa = PBXContainerItemProxy;
			containerPortal = 1941A4AA22E9551300AF66B7 /* Project object */;
			proxyType = 1;
			remoteGlobalIDString = 19BF975022F3732500E64B5A;
			remoteInfo = "uBlock - EasyList B";
		};
/* End PBXContainerItemProxy section */

/* Begin PBXCopyFilesBuildPhase section */
		1941A4DF22E9551400AF66B7 /* Embed App Extensions */ = {
			isa = PBXCopyFilesBuildPhase;
			buildActionMask = 2147483647;
			dstPath = "";
			dstSubfolderSpec = 13;
			files = (
				19BF971022F36ADD00E64B5A /* uBlock - Malware Domain List.appex in Embed App Extensions */,
				1904F0A522F36A4D00C93826 /* uBlock - EasyPrivacy.appex in Embed App Extensions */,
				19BF975C22F3732500E64B5A /* uBlock - EasyList B.appex in Embed App Extensions */,
				19BF974922F3707900E64B5A /* uBlock - EasyList A.appex in Embed App Extensions */,
				1904F09222F29B7F00C93826 /* uBlock filters - Unbreak.appex in Embed App Extensions */,
				19BF973622F36C7900E64B5A /* uBlock - Peter Lowe’s Ad and tracking server list.appex in Embed App Extensions */,
				1904F05922F29A8900C93826 /* uBlock filters - Badware risks.appex in Embed App Extensions */,
				1941A4C622E9551400AF66B7 /* uBlock Origin Extension.appex in Embed App Extensions */,
				1904F06C22F29B0B00C93826 /* uBlock filters - Privacy.appex in Embed App Extensions */,
				1904F07F22F29B3F00C93826 /* uBlock filters - Resource abuse.appex in Embed App Extensions */,
				19151FB422F2523E00A4388D /* uBlock filters.appex in Embed App Extensions */,
				19BF972322F36B3C00E64B5A /* uBlock - Malware domains.appex in Embed App Extensions */,
			);
			name = "Embed App Extensions";
			runOnlyForDeploymentPostprocessing = 0;
		};
/* End PBXCopyFilesBuildPhase section */

/* Begin PBXFileReference section */
		1904F04E22F29A8900C93826 /* uBlock filters - Badware risks.appex */ = {isa = PBXFileReference; explicitFileType = "wrapper.app-extension"; includeInIndex = 0; path = "uBlock filters - Badware risks.appex"; sourceTree = BUILT_PRODUCTS_DIR; };
		1904F05122F29A8900C93826 /* blockerList.json */ = {isa = PBXFileReference; lastKnownFileType = text.json; path = blockerList.json; sourceTree = "<group>"; };
		1904F05322F29A8900C93826 /* ContentBlockerRequestHandler.swift */ = {isa = PBXFileReference; lastKnownFileType = sourcecode.swift; path = ContentBlockerRequestHandler.swift; sourceTree = "<group>"; };
		1904F05522F29A8900C93826 /* Info.plist */ = {isa = PBXFileReference; lastKnownFileType = text.plist.xml; path = Info.plist; sourceTree = "<group>"; };
		1904F05622F29A8900C93826 /* uBlock_filters___Badware_risks.entitlements */ = {isa = PBXFileReference; lastKnownFileType = text.plist.entitlements; path = "uBlock_filters___Badware_risks.entitlements"; sourceTree = "<group>"; };
		1904F06122F29B0B00C93826 /* uBlock filters - Privacy.appex */ = {isa = PBXFileReference; explicitFileType = "wrapper.app-extension"; includeInIndex = 0; path = "uBlock filters - Privacy.appex"; sourceTree = BUILT_PRODUCTS_DIR; };
		1904F06422F29B0B00C93826 /* blockerList.json */ = {isa = PBXFileReference; lastKnownFileType = text.json; path = blockerList.json; sourceTree = "<group>"; };
		1904F06622F29B0B00C93826 /* ContentBlockerRequestHandler.swift */ = {isa = PBXFileReference; lastKnownFileType = sourcecode.swift; path = ContentBlockerRequestHandler.swift; sourceTree = "<group>"; };
		1904F06822F29B0B00C93826 /* Info.plist */ = {isa = PBXFileReference; lastKnownFileType = text.plist.xml; path = Info.plist; sourceTree = "<group>"; };
		1904F06922F29B0B00C93826 /* uBlock_filters___Privacy.entitlements */ = {isa = PBXFileReference; lastKnownFileType = text.plist.entitlements; path = "uBlock_filters___Privacy.entitlements"; sourceTree = "<group>"; };
		1904F07422F29B3F00C93826 /* uBlock filters - Resource abuse.appex */ = {isa = PBXFileReference; explicitFileType = "wrapper.app-extension"; includeInIndex = 0; path = "uBlock filters - Resource abuse.appex"; sourceTree = BUILT_PRODUCTS_DIR; };
		1904F07722F29B3F00C93826 /* blockerList.json */ = {isa = PBXFileReference; lastKnownFileType = text.json; path = blockerList.json; sourceTree = "<group>"; };
		1904F07922F29B3F00C93826 /* ContentBlockerRequestHandler.swift */ = {isa = PBXFileReference; lastKnownFileType = sourcecode.swift; path = ContentBlockerRequestHandler.swift; sourceTree = "<group>"; };
		1904F07B22F29B3F00C93826 /* Info.plist */ = {isa = PBXFileReference; lastKnownFileType = text.plist.xml; path = Info.plist; sourceTree = "<group>"; };
		1904F07C22F29B3F00C93826 /* uBlock_filters___Resource_abuse.entitlements */ = {isa = PBXFileReference; lastKnownFileType = text.plist.entitlements; path = "uBlock_filters___Resource_abuse.entitlements"; sourceTree = "<group>"; };
		1904F08722F29B7F00C93826 /* uBlock filters - Unbreak.appex */ = {isa = PBXFileReference; explicitFileType = "wrapper.app-extension"; includeInIndex = 0; path = "uBlock filters - Unbreak.appex"; sourceTree = BUILT_PRODUCTS_DIR; };
		1904F08A22F29B7F00C93826 /* blockerList.json */ = {isa = PBXFileReference; lastKnownFileType = text.json; path = blockerList.json; sourceTree = "<group>"; };
		1904F08C22F29B7F00C93826 /* ContentBlockerRequestHandler.swift */ = {isa = PBXFileReference; lastKnownFileType = sourcecode.swift; path = ContentBlockerRequestHandler.swift; sourceTree = "<group>"; };
		1904F08E22F29B7F00C93826 /* Info.plist */ = {isa = PBXFileReference; lastKnownFileType = text.plist.xml; path = Info.plist; sourceTree = "<group>"; };
		1904F08F22F29B7F00C93826 /* uBlock_filters___Unbreak.entitlements */ = {isa = PBXFileReference; lastKnownFileType = text.plist.entitlements; path = "uBlock_filters___Unbreak.entitlements"; sourceTree = "<group>"; };
		1904F09A22F36A4D00C93826 /* uBlock - EasyPrivacy.appex */ = {isa = PBXFileReference; explicitFileType = "wrapper.app-extension"; includeInIndex = 0; path = "uBlock - EasyPrivacy.appex"; sourceTree = BUILT_PRODUCTS_DIR; };
		1904F09D22F36A4D00C93826 /* blockerList.json */ = {isa = PBXFileReference; lastKnownFileType = text.json; path = blockerList.json; sourceTree = "<group>"; };
		1904F09F22F36A4D00C93826 /* ContentBlockerRequestHandler.swift */ = {isa = PBXFileReference; lastKnownFileType = sourcecode.swift; path = ContentBlockerRequestHandler.swift; sourceTree = "<group>"; };
		1904F0A122F36A4D00C93826 /* Info.plist */ = {isa = PBXFileReference; lastKnownFileType = text.plist.xml; path = Info.plist; sourceTree = "<group>"; };
		1904F0A222F36A4D00C93826 /* uBlock___EasyPrivacy.entitlements */ = {isa = PBXFileReference; lastKnownFileType = text.plist.entitlements; path = "uBlock___EasyPrivacy.entitlements"; sourceTree = "<group>"; };
		19151FA922F2523E00A4388D /* uBlock filters.appex */ = {isa = PBXFileReference; explicitFileType = "wrapper.app-extension"; includeInIndex = 0; path = "uBlock filters.appex"; sourceTree = BUILT_PRODUCTS_DIR; };
		19151FAC22F2523E00A4388D /* blockerList.json */ = {isa = PBXFileReference; lastKnownFileType = text.json; path = blockerList.json; sourceTree = "<group>"; };
		19151FAE22F2523E00A4388D /* ContentBlockerRequestHandler.swift */ = {isa = PBXFileReference; lastKnownFileType = sourcecode.swift; path = ContentBlockerRequestHandler.swift; sourceTree = "<group>"; };
		19151FB022F2523E00A4388D /* Info.plist */ = {isa = PBXFileReference; lastKnownFileType = text.plist.xml; path = Info.plist; sourceTree = "<group>"; };
		19151FB122F2523E00A4388D /* uBlock_filters.entitlements */ = {isa = PBXFileReference; lastKnownFileType = text.plist.entitlements; path = uBlock_filters.entitlements; sourceTree = "<group>"; };
		19151FBF22F2577B00A4388D /* blockerOrg.json */ = {isa = PBXFileReference; lastKnownFileType = text.json; path = blockerOrg.json; sourceTree = "<group>"; };
		1941A4B222E9551300AF66B7 /* uBlock Origin.app */ = {isa = PBXFileReference; explicitFileType = wrapper.application; includeInIndex = 0; path = "uBlock Origin.app"; sourceTree = BUILT_PRODUCTS_DIR; };
		1941A4B522E9551300AF66B7 /* uBlock_Origin.entitlements */ = {isa = PBXFileReference; lastKnownFileType = text.plist.entitlements; path = uBlock_Origin.entitlements; sourceTree = "<group>"; };
		1941A4B722E9551300AF66B7 /* AppDelegate.swift */ = {isa = PBXFileReference; lastKnownFileType = sourcecode.swift; path = AppDelegate.swift; sourceTree = "<group>"; };
		1941A4BA22E9551300AF66B7 /* Base */ = {isa = PBXFileReference; lastKnownFileType = file.storyboard; name = Base; path = Base.lproj/Main.storyboard; sourceTree = "<group>"; };
		1941A4BC22E9551300AF66B7 /* ViewController.swift */ = {isa = PBXFileReference; lastKnownFileType = sourcecode.swift; path = ViewController.swift; sourceTree = "<group>"; };
		1941A4BE22E9551400AF66B7 /* Assets.xcassets */ = {isa = PBXFileReference; lastKnownFileType = folder.assetcatalog; path = Assets.xcassets; sourceTree = "<group>"; };
		1941A4C022E9551400AF66B7 /* Info.plist */ = {isa = PBXFileReference; lastKnownFileType = text.plist.xml; path = Info.plist; sourceTree = "<group>"; };
		1941A4C522E9551400AF66B7 /* uBlock Origin Extension.appex */ = {isa = PBXFileReference; explicitFileType = "wrapper.app-extension"; includeInIndex = 0; path = "uBlock Origin Extension.appex"; sourceTree = BUILT_PRODUCTS_DIR; };
		1941A4CA22E9551400AF66B7 /* Cocoa.framework */ = {isa = PBXFileReference; lastKnownFileType = wrapper.framework; name = Cocoa.framework; path = System/Library/Frameworks/Cocoa.framework; sourceTree = SDKROOT; };
		1941A4CD22E9551400AF66B7 /* SafariExtensionHandler.swift */ = {isa = PBXFileReference; lastKnownFileType = sourcecode.swift; path = SafariExtensionHandler.swift; sourceTree = "<group>"; };
		1941A4CF22E9551400AF66B7 /* SafariExtensionViewController.swift */ = {isa = PBXFileReference; lastKnownFileType = sourcecode.swift; path = SafariExtensionViewController.swift; sourceTree = "<group>"; };
		1941A4D222E9551400AF66B7 /* Base */ = {isa = PBXFileReference; lastKnownFileType = file.xib; name = Base; path = Base.lproj/SafariExtensionViewController.xib; sourceTree = "<group>"; };
		1941A4D422E9551400AF66B7 /* Info.plist */ = {isa = PBXFileReference; lastKnownFileType = text.plist.xml; path = Info.plist; sourceTree = "<group>"; };
		1941A4D522E9551400AF66B7 /* script.js */ = {isa = PBXFileReference; lastKnownFileType = sourcecode.javascript; path = script.js; sourceTree = "<group>"; };
		1941A4D722E9551400AF66B7 /* ToolbarItemIcon.pdf */ = {isa = PBXFileReference; lastKnownFileType = image.pdf; path = ToolbarItemIcon.pdf; sourceTree = "<group>"; };
		1941A4D922E9551400AF66B7 /* uBlock_Origin_Extension.entitlements */ = {isa = PBXFileReference; lastKnownFileType = text.plist.entitlements; path = uBlock_Origin_Extension.entitlements; sourceTree = "<group>"; };
		1941A4F622E9574500AF66B7 /* power-button-off.png */ = {isa = PBXFileReference; lastKnownFileType = image.png; path = "power-button-off.png"; sourceTree = "<group>"; };
		1941A4FE22EA6C4D00AF66B7 /* safari-icon16@2x.png */ = {isa = PBXFileReference; lastKnownFileType = image.png; path = "safari-icon16@2x.png"; sourceTree = "<group>"; };
		1941A4FF22EA6C4D00AF66B7 /* safari-icon16-off.png */ = {isa = PBXFileReference; lastKnownFileType = image.png; path = "safari-icon16-off.png"; sourceTree = "<group>"; };
		1941A50022EA6C4D00AF66B7 /* safari-icon16-off.svg */ = {isa = PBXFileReference; fileEncoding = 4; lastKnownFileType = text; path = "safari-icon16-off.svg"; sourceTree = "<group>"; };
		1941A50122EA6C4D00AF66B7 /* safari-icon16.png */ = {isa = PBXFileReference; lastKnownFileType = image.png; path = "safari-icon16.png"; sourceTree = "<group>"; };
		1941A50222EA6C4D00AF66B7 /* safari-icon16-off@2x.png */ = {isa = PBXFileReference; lastKnownFileType = image.png; path = "safari-icon16-off@2x.png"; sourceTree = "<group>"; };
		1941A50322EA6C4D00AF66B7 /* safari-icon16.svg */ = {isa = PBXFileReference; fileEncoding = 4; lastKnownFileType = text; path = "safari-icon16.svg"; sourceTree = "<group>"; };
		19BF970522F36ADD00E64B5A /* uBlock - Malware Domain List.appex */ = {isa = PBXFileReference; explicitFileType = "wrapper.app-extension"; includeInIndex = 0; path = "uBlock - Malware Domain List.appex"; sourceTree = BUILT_PRODUCTS_DIR; };
		19BF970822F36ADD00E64B5A /* blockerList.json */ = {isa = PBXFileReference; lastKnownFileType = text.json; path = blockerList.json; sourceTree = "<group>"; };
		19BF970A22F36ADD00E64B5A /* ContentBlockerRequestHandler.swift */ = {isa = PBXFileReference; lastKnownFileType = sourcecode.swift; path = ContentBlockerRequestHandler.swift; sourceTree = "<group>"; };
		19BF970C22F36ADD00E64B5A /* Info.plist */ = {isa = PBXFileReference; lastKnownFileType = text.plist.xml; path = Info.plist; sourceTree = "<group>"; };
		19BF970D22F36ADD00E64B5A /* uBlock___Malware_Domain_List.entitlements */ = {isa = PBXFileReference; lastKnownFileType = text.plist.entitlements; path = "uBlock___Malware_Domain_List.entitlements"; sourceTree = "<group>"; };
		19BF971822F36B3C00E64B5A /* uBlock - Malware domains.appex */ = {isa = PBXFileReference; explicitFileType = "wrapper.app-extension"; includeInIndex = 0; path = "uBlock - Malware domains.appex"; sourceTree = BUILT_PRODUCTS_DIR; };
		19BF971B22F36B3C00E64B5A /* blockerList.json */ = {isa = PBXFileReference; lastKnownFileType = text.json; path = blockerList.json; sourceTree = "<group>"; };
		19BF971D22F36B3C00E64B5A /* ContentBlockerRequestHandler.swift */ = {isa = PBXFileReference; lastKnownFileType = sourcecode.swift; path = ContentBlockerRequestHandler.swift; sourceTree = "<group>"; };
		19BF971F22F36B3C00E64B5A /* Info.plist */ = {isa = PBXFileReference; lastKnownFileType = text.plist.xml; path = Info.plist; sourceTree = "<group>"; };
		19BF972022F36B3C00E64B5A /* uBlock___Malware_domains.entitlements */ = {isa = PBXFileReference; lastKnownFileType = text.plist.entitlements; path = "uBlock___Malware_domains.entitlements"; sourceTree = "<group>"; };
		19BF972B22F36C7900E64B5A /* uBlock - Peter Lowe’s Ad and tracking server list.appex */ = {isa = PBXFileReference; explicitFileType = "wrapper.app-extension"; includeInIndex = 0; path = "uBlock - Peter Lowe’s Ad and tracking server list.appex"; sourceTree = BUILT_PRODUCTS_DIR; };
		19BF972E22F36C7900E64B5A /* blockerList.json */ = {isa = PBXFileReference; lastKnownFileType = text.json; path = blockerList.json; sourceTree = "<group>"; };
		19BF973022F36C7900E64B5A /* ContentBlockerRequestHandler.swift */ = {isa = PBXFileReference; lastKnownFileType = sourcecode.swift; path = ContentBlockerRequestHandler.swift; sourceTree = "<group>"; };
		19BF973222F36C7900E64B5A /* Info.plist */ = {isa = PBXFileReference; lastKnownFileType = text.plist.xml; path = Info.plist; sourceTree = "<group>"; };
		19BF973322F36C7900E64B5A /* uBlock___Peter_Lowe_s_Ad_and_tracking_server_list.entitlements */ = {isa = PBXFileReference; lastKnownFileType = text.plist.entitlements; path = "uBlock___Peter_Lowe_s_Ad_and_tracking_server_list.entitlements"; sourceTree = "<group>"; };
		19BF973E22F3707900E64B5A /* uBlock - EasyList A.appex */ = {isa = PBXFileReference; explicitFileType = "wrapper.app-extension"; includeInIndex = 0; path = "uBlock - EasyList A.appex"; sourceTree = BUILT_PRODUCTS_DIR; };
		19BF974122F3707900E64B5A /* blockerList.json */ = {isa = PBXFileReference; lastKnownFileType = text.json; path = blockerList.json; sourceTree = "<group>"; };
		19BF974322F3707900E64B5A /* ContentBlockerRequestHandler.swift */ = {isa = PBXFileReference; lastKnownFileType = sourcecode.swift; path = ContentBlockerRequestHandler.swift; sourceTree = "<group>"; };
		19BF974522F3707900E64B5A /* Info.plist */ = {isa = PBXFileReference; lastKnownFileType = text.plist.xml; path = Info.plist; sourceTree = "<group>"; };
		19BF974622F3707900E64B5A /* uBlock___EasyList_A.entitlements */ = {isa = PBXFileReference; lastKnownFileType = text.plist.entitlements; path = "uBlock___EasyList_A.entitlements"; sourceTree = "<group>"; };
		19BF975122F3732500E64B5A /* uBlock - EasyList B.appex */ = {isa = PBXFileReference; explicitFileType = "wrapper.app-extension"; includeInIndex = 0; path = "uBlock - EasyList B.appex"; sourceTree = BUILT_PRODUCTS_DIR; };
		19BF975422F3732500E64B5A /* blockerList.json */ = {isa = PBXFileReference; lastKnownFileType = text.json; path = blockerList.json; sourceTree = "<group>"; };
		19BF975622F3732500E64B5A /* ContentBlockerRequestHandler.swift */ = {isa = PBXFileReference; lastKnownFileType = sourcecode.swift; path = ContentBlockerRequestHandler.swift; sourceTree = "<group>"; };
		19BF975822F3732500E64B5A /* Info.plist */ = {isa = PBXFileReference; lastKnownFileType = text.plist.xml; path = Info.plist; sourceTree = "<group>"; };
		19BF975922F3732500E64B5A /* uBlock___EasyList_B.entitlements */ = {isa = PBXFileReference; lastKnownFileType = text.plist.entitlements; path = "uBlock___EasyList_B.entitlements"; sourceTree = "<group>"; };
/* End PBXFileReference section */

/* Begin PBXFrameworksBuildPhase section */
		1904F04B22F29A8900C93826 /* Frameworks */ = {
			isa = PBXFrameworksBuildPhase;
			buildActionMask = 2147483647;
			files = (
				1904F04F22F29A8900C93826 /* Cocoa.framework in Frameworks */,
			);
			runOnlyForDeploymentPostprocessing = 0;
		};
		1904F05E22F29B0B00C93826 /* Frameworks */ = {
			isa = PBXFrameworksBuildPhase;
			buildActionMask = 2147483647;
			files = (
				1904F06222F29B0B00C93826 /* Cocoa.framework in Frameworks */,
			);
			runOnlyForDeploymentPostprocessing = 0;
		};
		1904F07122F29B3F00C93826 /* Frameworks */ = {
			isa = PBXFrameworksBuildPhase;
			buildActionMask = 2147483647;
			files = (
				1904F07522F29B3F00C93826 /* Cocoa.framework in Frameworks */,
			);
			runOnlyForDeploymentPostprocessing = 0;
		};
		1904F08422F29B7F00C93826 /* Frameworks */ = {
			isa = PBXFrameworksBuildPhase;
			buildActionMask = 2147483647;
			files = (
				1904F08822F29B7F00C93826 /* Cocoa.framework in Frameworks */,
			);
			runOnlyForDeploymentPostprocessing = 0;
		};
		1904F09722F36A4D00C93826 /* Frameworks */ = {
			isa = PBXFrameworksBuildPhase;
			buildActionMask = 2147483647;
			files = (
				1904F09B22F36A4D00C93826 /* Cocoa.framework in Frameworks */,
			);
			runOnlyForDeploymentPostprocessing = 0;
		};
		19151FA622F2523E00A4388D /* Frameworks */ = {
			isa = PBXFrameworksBuildPhase;
			buildActionMask = 2147483647;
			files = (
				19151FAA22F2523E00A4388D /* Cocoa.framework in Frameworks */,
			);
			runOnlyForDeploymentPostprocessing = 0;
		};
		1941A4AF22E9551300AF66B7 /* Frameworks */ = {
			isa = PBXFrameworksBuildPhase;
			buildActionMask = 2147483647;
			files = (
			);
			runOnlyForDeploymentPostprocessing = 0;
		};
		1941A4C222E9551400AF66B7 /* Frameworks */ = {
			isa = PBXFrameworksBuildPhase;
			buildActionMask = 2147483647;
			files = (
				1941A4CB22E9551400AF66B7 /* Cocoa.framework in Frameworks */,
			);
			runOnlyForDeploymentPostprocessing = 0;
		};
		19BF970222F36ADD00E64B5A /* Frameworks */ = {
			isa = PBXFrameworksBuildPhase;
			buildActionMask = 2147483647;
			files = (
				19BF970622F36ADD00E64B5A /* Cocoa.framework in Frameworks */,
			);
			runOnlyForDeploymentPostprocessing = 0;
		};
		19BF971522F36B3C00E64B5A /* Frameworks */ = {
			isa = PBXFrameworksBuildPhase;
			buildActionMask = 2147483647;
			files = (
				19BF971922F36B3C00E64B5A /* Cocoa.framework in Frameworks */,
			);
			runOnlyForDeploymentPostprocessing = 0;
		};
		19BF972822F36C7900E64B5A /* Frameworks */ = {
			isa = PBXFrameworksBuildPhase;
			buildActionMask = 2147483647;
			files = (
				19BF972C22F36C7900E64B5A /* Cocoa.framework in Frameworks */,
			);
			runOnlyForDeploymentPostprocessing = 0;
		};
		19BF973B22F3707900E64B5A /* Frameworks */ = {
			isa = PBXFrameworksBuildPhase;
			buildActionMask = 2147483647;
			files = (
				19BF973F22F3707900E64B5A /* Cocoa.framework in Frameworks */,
			);
			runOnlyForDeploymentPostprocessing = 0;
		};
		19BF974E22F3732500E64B5A /* Frameworks */ = {
			isa = PBXFrameworksBuildPhase;
			buildActionMask = 2147483647;
			files = (
				19BF975222F3732500E64B5A /* Cocoa.framework in Frameworks */,
			);
			runOnlyForDeploymentPostprocessing = 0;
		};
/* End PBXFrameworksBuildPhase section */

/* Begin PBXGroup section */
		1904F05022F29A8900C93826 /* uBlock filters - Badware risks */ = {
			isa = PBXGroup;
			children = (
				1904F05122F29A8900C93826 /* blockerList.json */,
				1904F05322F29A8900C93826 /* ContentBlockerRequestHandler.swift */,
				1904F05522F29A8900C93826 /* Info.plist */,
				1904F05622F29A8900C93826 /* uBlock_filters___Badware_risks.entitlements */,
			);
			path = "uBlock filters - Badware risks";
			sourceTree = "<group>";
		};
		1904F06322F29B0B00C93826 /* uBlock filters - Privacy */ = {
			isa = PBXGroup;
			children = (
				19151FBF22F2577B00A4388D /* blockerOrg.json */,
				1904F06422F29B0B00C93826 /* blockerList.json */,
				1904F06622F29B0B00C93826 /* ContentBlockerRequestHandler.swift */,
				1904F06822F29B0B00C93826 /* Info.plist */,
				1904F06922F29B0B00C93826 /* uBlock_filters___Privacy.entitlements */,
			);
			path = "uBlock filters - Privacy";
			sourceTree = "<group>";
		};
		1904F07622F29B3F00C93826 /* uBlock filters - Resource abuse */ = {
			isa = PBXGroup;
			children = (
				1904F07722F29B3F00C93826 /* blockerList.json */,
				1904F07922F29B3F00C93826 /* ContentBlockerRequestHandler.swift */,
				1904F07B22F29B3F00C93826 /* Info.plist */,
				1904F07C22F29B3F00C93826 /* uBlock_filters___Resource_abuse.entitlements */,
			);
			path = "uBlock filters - Resource abuse";
			sourceTree = "<group>";
		};
		1904F08922F29B7F00C93826 /* uBlock filters - Unbreak */ = {
			isa = PBXGroup;
			children = (
				1904F08A22F29B7F00C93826 /* blockerList.json */,
				1904F08C22F29B7F00C93826 /* ContentBlockerRequestHandler.swift */,
				1904F08E22F29B7F00C93826 /* Info.plist */,
				1904F08F22F29B7F00C93826 /* uBlock_filters___Unbreak.entitlements */,
			);
			path = "uBlock filters - Unbreak";
			sourceTree = "<group>";
		};
		1904F09C22F36A4D00C93826 /* uBlock - EasyPrivacy */ = {
			isa = PBXGroup;
			children = (
				1904F09D22F36A4D00C93826 /* blockerList.json */,
				1904F09F22F36A4D00C93826 /* ContentBlockerRequestHandler.swift */,
				1904F0A122F36A4D00C93826 /* Info.plist */,
				1904F0A222F36A4D00C93826 /* uBlock___EasyPrivacy.entitlements */,
			);
			path = "uBlock - EasyPrivacy";
			sourceTree = "<group>";
		};
		19151FAB22F2523E00A4388D /* uBlock filters */ = {
			isa = PBXGroup;
			children = (
				19151FAC22F2523E00A4388D /* blockerList.json */,
				19151FAE22F2523E00A4388D /* ContentBlockerRequestHandler.swift */,
				19151FB022F2523E00A4388D /* Info.plist */,
				19151FB122F2523E00A4388D /* uBlock_filters.entitlements */,
			);
			path = "uBlock filters";
			sourceTree = "<group>";
		};
		1941A4A922E9551300AF66B7 = {
			isa = PBXGroup;
			children = (
				1941A4B422E9551300AF66B7 /* uBlock Origin */,
				1941A4CC22E9551400AF66B7 /* uBlock Origin Extension */,
				19151FAB22F2523E00A4388D /* uBlock filters */,
				1904F05022F29A8900C93826 /* uBlock filters - Badware risks */,
				1904F06322F29B0B00C93826 /* uBlock filters - Privacy */,
				1904F07622F29B3F00C93826 /* uBlock filters - Resource abuse */,
				1904F08922F29B7F00C93826 /* uBlock filters - Unbreak */,
				1904F09C22F36A4D00C93826 /* uBlock - EasyPrivacy */,
				19BF970722F36ADD00E64B5A /* uBlock - Malware Domain List */,
				19BF971A22F36B3C00E64B5A /* uBlock - Malware domains */,
				19BF972D22F36C7900E64B5A /* uBlock - Peter Lowe’s Ad and tracking server list */,
				19BF974022F3707900E64B5A /* uBlock - EasyList A */,
				19BF975322F3732500E64B5A /* uBlock - EasyList B */,
				1941A4C922E9551400AF66B7 /* Frameworks */,
				1941A4B322E9551300AF66B7 /* Products */,
			);
			sourceTree = "<group>";
		};
		1941A4B322E9551300AF66B7 /* Products */ = {
			isa = PBXGroup;
			children = (
				1941A4B222E9551300AF66B7 /* uBlock Origin.app */,
				1941A4C522E9551400AF66B7 /* uBlock Origin Extension.appex */,
				19151FA922F2523E00A4388D /* uBlock filters.appex */,
				1904F04E22F29A8900C93826 /* uBlock filters - Badware risks.appex */,
				1904F06122F29B0B00C93826 /* uBlock filters - Privacy.appex */,
				1904F07422F29B3F00C93826 /* uBlock filters - Resource abuse.appex */,
				1904F08722F29B7F00C93826 /* uBlock filters - Unbreak.appex */,
				1904F09A22F36A4D00C93826 /* uBlock - EasyPrivacy.appex */,
				19BF970522F36ADD00E64B5A /* uBlock - Malware Domain List.appex */,
				19BF971822F36B3C00E64B5A /* uBlock - Malware domains.appex */,
				19BF972B22F36C7900E64B5A /* uBlock - Peter Lowe’s Ad and tracking server list.appex */,
				19BF973E22F3707900E64B5A /* uBlock - EasyList A.appex */,
				19BF975122F3732500E64B5A /* uBlock - EasyList B.appex */,
			);
			name = Products;
			sourceTree = "<group>";
		};
		1941A4B422E9551300AF66B7 /* uBlock Origin */ = {
			isa = PBXGroup;
			children = (
				1941A4B522E9551300AF66B7 /* uBlock_Origin.entitlements */,
				1941A4B722E9551300AF66B7 /* AppDelegate.swift */,
				1941A4B922E9551300AF66B7 /* Main.storyboard */,
				1941A4BC22E9551300AF66B7 /* ViewController.swift */,
				1941A4BE22E9551400AF66B7 /* Assets.xcassets */,
				1941A4C022E9551400AF66B7 /* Info.plist */,
			);
			path = "uBlock Origin";
			sourceTree = "<group>";
		};
		1941A4C922E9551400AF66B7 /* Frameworks */ = {
			isa = PBXGroup;
			children = (
				1941A4CA22E9551400AF66B7 /* Cocoa.framework */,
			);
			name = Frameworks;
			sourceTree = "<group>";
		};
		1941A4CC22E9551400AF66B7 /* uBlock Origin Extension */ = {
			isa = PBXGroup;
			children = (
				1941A4FF22EA6C4D00AF66B7 /* safari-icon16-off.png */,
				1941A50022EA6C4D00AF66B7 /* safari-icon16-off.svg */,
				1941A50222EA6C4D00AF66B7 /* safari-icon16-off@2x.png */,
				1941A50122EA6C4D00AF66B7 /* safari-icon16.png */,
				1941A50322EA6C4D00AF66B7 /* safari-icon16.svg */,
				1941A4FE22EA6C4D00AF66B7 /* safari-icon16@2x.png */,
				1941A4F622E9574500AF66B7 /* power-button-off.png */,
				1941A4CD22E9551400AF66B7 /* SafariExtensionHandler.swift */,
				1941A4CF22E9551400AF66B7 /* SafariExtensionViewController.swift */,
				1941A4D122E9551400AF66B7 /* SafariExtensionViewController.xib */,
				1941A4D422E9551400AF66B7 /* Info.plist */,
				1941A4D522E9551400AF66B7 /* script.js */,
				1941A4D722E9551400AF66B7 /* ToolbarItemIcon.pdf */,
				1941A4D922E9551400AF66B7 /* uBlock_Origin_Extension.entitlements */,
			);
			path = "uBlock Origin Extension";
			sourceTree = "<group>";
		};
		19BF970722F36ADD00E64B5A /* uBlock - Malware Domain List */ = {
			isa = PBXGroup;
			children = (
				19BF970822F36ADD00E64B5A /* blockerList.json */,
				19BF970A22F36ADD00E64B5A /* ContentBlockerRequestHandler.swift */,
				19BF970C22F36ADD00E64B5A /* Info.plist */,
				19BF970D22F36ADD00E64B5A /* uBlock___Malware_Domain_List.entitlements */,
			);
			path = "uBlock - Malware Domain List";
			sourceTree = "<group>";
		};
		19BF971A22F36B3C00E64B5A /* uBlock - Malware domains */ = {
			isa = PBXGroup;
			children = (
				19BF971B22F36B3C00E64B5A /* blockerList.json */,
				19BF971D22F36B3C00E64B5A /* ContentBlockerRequestHandler.swift */,
				19BF971F22F36B3C00E64B5A /* Info.plist */,
				19BF972022F36B3C00E64B5A /* uBlock___Malware_domains.entitlements */,
			);
			path = "uBlock - Malware domains";
			sourceTree = "<group>";
		};
		19BF972D22F36C7900E64B5A /* uBlock - Peter Lowe’s Ad and tracking server list */ = {
			isa = PBXGroup;
			children = (
				19BF972E22F36C7900E64B5A /* blockerList.json */,
				19BF973022F36C7900E64B5A /* ContentBlockerRequestHandler.swift */,
				19BF973222F36C7900E64B5A /* Info.plist */,
				19BF973322F36C7900E64B5A /* uBlock___Peter_Lowe_s_Ad_and_tracking_server_list.entitlements */,
			);
			path = "uBlock - Peter Lowe’s Ad and tracking server list";
			sourceTree = "<group>";
		};
		19BF974022F3707900E64B5A /* uBlock - EasyList A */ = {
			isa = PBXGroup;
			children = (
				19BF974122F3707900E64B5A /* blockerList.json */,
				19BF974322F3707900E64B5A /* ContentBlockerRequestHandler.swift */,
				19BF974522F3707900E64B5A /* Info.plist */,
				19BF974622F3707900E64B5A /* uBlock___EasyList_A.entitlements */,
			);
			path = "uBlock - EasyList A";
			sourceTree = "<group>";
		};
		19BF975322F3732500E64B5A /* uBlock - EasyList B */ = {
			isa = PBXGroup;
			children = (
				19BF975422F3732500E64B5A /* blockerList.json */,
				19BF975622F3732500E64B5A /* ContentBlockerRequestHandler.swift */,
				19BF975822F3732500E64B5A /* Info.plist */,
				19BF975922F3732500E64B5A /* uBlock___EasyList_B.entitlements */,
			);
			path = "uBlock - EasyList B";
			sourceTree = "<group>";
		};
/* End PBXGroup section */

/* Begin PBXNativeTarget section */
		1904F04D22F29A8900C93826 /* uBlock filters - Badware risks */ = {
			isa = PBXNativeTarget;
			buildConfigurationList = 1904F05C22F29A8900C93826 /* Build configuration list for PBXNativeTarget "uBlock filters - Badware risks" */;
			buildPhases = (
				1904F04A22F29A8900C93826 /* Sources */,
				1904F04B22F29A8900C93826 /* Frameworks */,
				1904F04C22F29A8900C93826 /* Resources */,
			);
			buildRules = (
			);
			dependencies = (
			);
			name = "uBlock filters - Badware risks";
			productName = "uBlock filters - Badware risks";
			productReference = 1904F04E22F29A8900C93826 /* uBlock filters - Badware risks.appex */;
			productType = "com.apple.product-type.app-extension";
		};
		1904F06022F29B0B00C93826 /* uBlock filters - Privacy */ = {
			isa = PBXNativeTarget;
			buildConfigurationList = 1904F06D22F29B0B00C93826 /* Build configuration list for PBXNativeTarget "uBlock filters - Privacy" */;
			buildPhases = (
				1904F05D22F29B0B00C93826 /* Sources */,
				1904F05E22F29B0B00C93826 /* Frameworks */,
				1904F05F22F29B0B00C93826 /* Resources */,
			);
			buildRules = (
			);
			dependencies = (
			);
			name = "uBlock filters - Privacy";
			productName = "uBlock filters - Privacy";
			productReference = 1904F06122F29B0B00C93826 /* uBlock filters - Privacy.appex */;
			productType = "com.apple.product-type.app-extension";
		};
		1904F07322F29B3F00C93826 /* uBlock filters - Resource abuse */ = {
			isa = PBXNativeTarget;
			buildConfigurationList = 1904F08022F29B3F00C93826 /* Build configuration list for PBXNativeTarget "uBlock filters - Resource abuse" */;
			buildPhases = (
				1904F07022F29B3F00C93826 /* Sources */,
				1904F07122F29B3F00C93826 /* Frameworks */,
				1904F07222F29B3F00C93826 /* Resources */,
			);
			buildRules = (
			);
			dependencies = (
			);
			name = "uBlock filters - Resource abuse";
			productName = "uBlock filters - Resource abuse";
			productReference = 1904F07422F29B3F00C93826 /* uBlock filters - Resource abuse.appex */;
			productType = "com.apple.product-type.app-extension";
		};
		1904F08622F29B7F00C93826 /* uBlock filters - Unbreak */ = {
			isa = PBXNativeTarget;
			buildConfigurationList = 1904F09322F29B7F00C93826 /* Build configuration list for PBXNativeTarget "uBlock filters - Unbreak" */;
			buildPhases = (
				1904F08322F29B7F00C93826 /* Sources */,
				1904F08422F29B7F00C93826 /* Frameworks */,
				1904F08522F29B7F00C93826 /* Resources */,
			);
			buildRules = (
			);
			dependencies = (
			);
			name = "uBlock filters - Unbreak";
			productName = "uBlock filters - Unbreak";
			productReference = 1904F08722F29B7F00C93826 /* uBlock filters - Unbreak.appex */;
			productType = "com.apple.product-type.app-extension";
		};
		1904F09922F36A4D00C93826 /* uBlock - EasyPrivacy */ = {
			isa = PBXNativeTarget;
			buildConfigurationList = 1904F0A622F36A4D00C93826 /* Build configuration list for PBXNativeTarget "uBlock - EasyPrivacy" */;
			buildPhases = (
				1904F09622F36A4D00C93826 /* Sources */,
				1904F09722F36A4D00C93826 /* Frameworks */,
				1904F09822F36A4D00C93826 /* Resources */,
			);
			buildRules = (
			);
			dependencies = (
			);
			name = "uBlock - EasyPrivacy";
			productName = "uBlock - EasyPrivacy";
			productReference = 1904F09A22F36A4D00C93826 /* uBlock - EasyPrivacy.appex */;
			productType = "com.apple.product-type.app-extension";
		};
		19151FA822F2523E00A4388D /* uBlock filters */ = {
			isa = PBXNativeTarget;
			buildConfigurationList = 19151FB522F2523E00A4388D /* Build configuration list for PBXNativeTarget "uBlock filters" */;
			buildPhases = (
				19151FA522F2523E00A4388D /* Sources */,
				19151FA622F2523E00A4388D /* Frameworks */,
				19151FA722F2523E00A4388D /* Resources */,
			);
			buildRules = (
			);
			dependencies = (
			);
			name = "uBlock filters";
			productName = "uBlock filters";
			productReference = 19151FA922F2523E00A4388D /* uBlock filters.appex */;
			productType = "com.apple.product-type.app-extension";
		};
		1941A4B122E9551300AF66B7 /* uBlock Origin */ = {
			isa = PBXNativeTarget;
			buildConfigurationList = 1941A4E022E9551400AF66B7 /* Build configuration list for PBXNativeTarget "uBlock Origin" */;
			buildPhases = (
				1941A4AE22E9551300AF66B7 /* Sources */,
				1941A4AF22E9551300AF66B7 /* Frameworks */,
				1941A4B022E9551300AF66B7 /* Resources */,
				1941A4DF22E9551400AF66B7 /* Embed App Extensions */,
			);
			buildRules = (
			);
			dependencies = (
				1941A4C822E9551400AF66B7 /* PBXTargetDependency */,
				19151FB322F2523E00A4388D /* PBXTargetDependency */,
				1904F05822F29A8900C93826 /* PBXTargetDependency */,
				1904F06B22F29B0B00C93826 /* PBXTargetDependency */,
				1904F07E22F29B3F00C93826 /* PBXTargetDependency */,
				1904F09122F29B7F00C93826 /* PBXTargetDependency */,
				1904F0A422F36A4D00C93826 /* PBXTargetDependency */,
				19BF970F22F36ADD00E64B5A /* PBXTargetDependency */,
				19BF972222F36B3C00E64B5A /* PBXTargetDependency */,
				19BF973522F36C7900E64B5A /* PBXTargetDependency */,
				19BF974822F3707900E64B5A /* PBXTargetDependency */,
				19BF975B22F3732500E64B5A /* PBXTargetDependency */,
			);
			name = "uBlock Origin";
			productName = "uBlock Origin";
			productReference = 1941A4B222E9551300AF66B7 /* uBlock Origin.app */;
			productType = "com.apple.product-type.application";
		};
		1941A4C422E9551400AF66B7 /* uBlock Origin Extension */ = {
			isa = PBXNativeTarget;
			buildConfigurationList = 1941A4DC22E9551400AF66B7 /* Build configuration list for PBXNativeTarget "uBlock Origin Extension" */;
			buildPhases = (
				1941A4C122E9551400AF66B7 /* Sources */,
				1941A4C222E9551400AF66B7 /* Frameworks */,
				1941A4C322E9551400AF66B7 /* Resources */,
			);
			buildRules = (
			);
			dependencies = (
			);
			name = "uBlock Origin Extension";
			productName = "uBlock Origin Extension";
			productReference = 1941A4C522E9551400AF66B7 /* uBlock Origin Extension.appex */;
			productType = "com.apple.product-type.app-extension";
		};
		19BF970422F36ADD00E64B5A /* uBlock - Malware Domain List */ = {
			isa = PBXNativeTarget;
			buildConfigurationList = 19BF971322F36ADD00E64B5A /* Build configuration list for PBXNativeTarget "uBlock - Malware Domain List" */;
			buildPhases = (
				19BF970122F36ADD00E64B5A /* Sources */,
				19BF970222F36ADD00E64B5A /* Frameworks */,
				19BF970322F36ADD00E64B5A /* Resources */,
			);
			buildRules = (
			);
			dependencies = (
			);
			name = "uBlock - Malware Domain List";
			productName = "uBlock - Malware Domain List";
			productReference = 19BF970522F36ADD00E64B5A /* uBlock - Malware Domain List.appex */;
			productType = "com.apple.product-type.app-extension";
		};
		19BF971722F36B3C00E64B5A /* uBlock - Malware domains */ = {
			isa = PBXNativeTarget;
			buildConfigurationList = 19BF972422F36B3C00E64B5A /* Build configuration list for PBXNativeTarget "uBlock - Malware domains" */;
			buildPhases = (
				19BF971422F36B3C00E64B5A /* Sources */,
				19BF971522F36B3C00E64B5A /* Frameworks */,
				19BF971622F36B3C00E64B5A /* Resources */,
			);
			buildRules = (
			);
			dependencies = (
			);
			name = "uBlock - Malware domains";
			productName = "uBlock - Malware domains";
			productReference = 19BF971822F36B3C00E64B5A /* uBlock - Malware domains.appex */;
			productType = "com.apple.product-type.app-extension";
		};
		19BF972A22F36C7900E64B5A /* uBlock - Peter Lowe’s Ad and tracking server list */ = {
			isa = PBXNativeTarget;
			buildConfigurationList = 19BF973722F36C7900E64B5A /* Build configuration list for PBXNativeTarget "uBlock - Peter Lowe’s Ad and tracking server list" */;
			buildPhases = (
				19BF972722F36C7900E64B5A /* Sources */,
				19BF972822F36C7900E64B5A /* Frameworks */,
				19BF972922F36C7900E64B5A /* Resources */,
			);
			buildRules = (
			);
			dependencies = (
			);
			name = "uBlock - Peter Lowe’s Ad and tracking server list";
			productName = "uBlock - Peter Lowe’s Ad and tracking server list";
			productReference = 19BF972B22F36C7900E64B5A /* uBlock - Peter Lowe’s Ad and tracking server list.appex */;
			productType = "com.apple.product-type.app-extension";
		};
		19BF973D22F3707900E64B5A /* uBlock - EasyList A */ = {
			isa = PBXNativeTarget;
			buildConfigurationList = 19BF974A22F3707900E64B5A /* Build configuration list for PBXNativeTarget "uBlock - EasyList A" */;
			buildPhases = (
				19BF973A22F3707900E64B5A /* Sources */,
				19BF973B22F3707900E64B5A /* Frameworks */,
				19BF973C22F3707900E64B5A /* Resources */,
			);
			buildRules = (
			);
			dependencies = (
			);
			name = "uBlock - EasyList A";
			productName = "uBlock - EasyList A";
			productReference = 19BF973E22F3707900E64B5A /* uBlock - EasyList A.appex */;
			productType = "com.apple.product-type.app-extension";
		};
		19BF975022F3732500E64B5A /* uBlock - EasyList B */ = {
			isa = PBXNativeTarget;
			buildConfigurationList = 19BF975D22F3732500E64B5A /* Build configuration list for PBXNativeTarget "uBlock - EasyList B" */;
			buildPhases = (
				19BF974D22F3732500E64B5A /* Sources */,
				19BF974E22F3732500E64B5A /* Frameworks */,
				19BF974F22F3732500E64B5A /* Resources */,
			);
			buildRules = (
			);
			dependencies = (
			);
			name = "uBlock - EasyList B";
			productName = "uBlock - EasyList B";
			productReference = 19BF975122F3732500E64B5A /* uBlock - EasyList B.appex */;
			productType = "com.apple.product-type.app-extension";
		};
/* End PBXNativeTarget section */

/* Begin PBXProject section */
		1941A4AA22E9551300AF66B7 /* Project object */ = {
			isa = PBXProject;
			attributes = {
				LastSwiftUpdateCheck = 1030;
				LastUpgradeCheck = 1020;
				ORGANIZATIONNAME = "Mattie Apps";
				TargetAttributes = {
					1904F04D22F29A8900C93826 = {
						CreatedOnToolsVersion = 10.3;
					};
					1904F06022F29B0B00C93826 = {
						CreatedOnToolsVersion = 10.3;
					};
					1904F07322F29B3F00C93826 = {
						CreatedOnToolsVersion = 10.3;
					};
					1904F08622F29B7F00C93826 = {
						CreatedOnToolsVersion = 10.3;
					};
					1904F09922F36A4D00C93826 = {
						CreatedOnToolsVersion = 10.3;
					};
					19151FA822F2523E00A4388D = {
						CreatedOnToolsVersion = 10.3;
					};
					1941A4B122E9551300AF66B7 = {
						CreatedOnToolsVersion = 10.2.1;
					};
					1941A4C422E9551400AF66B7 = {
						CreatedOnToolsVersion = 10.2.1;
					};
					19BF970422F36ADD00E64B5A = {
						CreatedOnToolsVersion = 10.3;
					};
					19BF971722F36B3C00E64B5A = {
						CreatedOnToolsVersion = 10.3;
					};
					19BF972A22F36C7900E64B5A = {
						CreatedOnToolsVersion = 10.3;
					};
					19BF973D22F3707900E64B5A = {
						CreatedOnToolsVersion = 10.3;
					};
					19BF975022F3732500E64B5A = {
						CreatedOnToolsVersion = 10.3;
					};
				};
			};
			buildConfigurationList = 1941A4AD22E9551300AF66B7 /* Build configuration list for PBXProject "uBlock Origin" */;
			compatibilityVersion = "Xcode 9.3";
			developmentRegion = en;
			hasScannedForEncodings = 0;
			knownRegions = (
				en,
				Base,
			);
			mainGroup = 1941A4A922E9551300AF66B7;
			productRefGroup = 1941A4B322E9551300AF66B7 /* Products */;
			projectDirPath = "";
			projectRoot = "";
			targets = (
				1941A4B122E9551300AF66B7 /* uBlock Origin */,
				1941A4C422E9551400AF66B7 /* uBlock Origin Extension */,
				19151FA822F2523E00A4388D /* uBlock filters */,
				1904F04D22F29A8900C93826 /* uBlock filters - Badware risks */,
				1904F06022F29B0B00C93826 /* uBlock filters - Privacy */,
				1904F07322F29B3F00C93826 /* uBlock filters - Resource abuse */,
				1904F08622F29B7F00C93826 /* uBlock filters - Unbreak */,
				1904F09922F36A4D00C93826 /* uBlock - EasyPrivacy */,
				19BF970422F36ADD00E64B5A /* uBlock - Malware Domain List */,
				19BF971722F36B3C00E64B5A /* uBlock - Malware domains */,
				19BF972A22F36C7900E64B5A /* uBlock - Peter Lowe’s Ad and tracking server list */,
				19BF973D22F3707900E64B5A /* uBlock - EasyList A */,
				19BF975022F3732500E64B5A /* uBlock - EasyList B */,
			);
		};
/* End PBXProject section */

/* Begin PBXResourcesBuildPhase section */
		1904F04C22F29A8900C93826 /* Resources */ = {
			isa = PBXResourcesBuildPhase;
			buildActionMask = 2147483647;
			files = (
				1904F05222F29A8900C93826 /* blockerList.json in Resources */,
			);
			runOnlyForDeploymentPostprocessing = 0;
		};
		1904F05F22F29B0B00C93826 /* Resources */ = {
			isa = PBXResourcesBuildPhase;
			buildActionMask = 2147483647;
			files = (
				1904F06522F29B0B00C93826 /* blockerList.json in Resources */,
			);
			runOnlyForDeploymentPostprocessing = 0;
		};
		1904F07222F29B3F00C93826 /* Resources */ = {
			isa = PBXResourcesBuildPhase;
			buildActionMask = 2147483647;
			files = (
				1904F07822F29B3F00C93826 /* blockerList.json in Resources */,
			);
			runOnlyForDeploymentPostprocessing = 0;
		};
		1904F08522F29B7F00C93826 /* Resources */ = {
			isa = PBXResourcesBuildPhase;
			buildActionMask = 2147483647;
			files = (
				1904F08B22F29B7F00C93826 /* blockerList.json in Resources */,
			);
			runOnlyForDeploymentPostprocessing = 0;
		};
		1904F09822F36A4D00C93826 /* Resources */ = {
			isa = PBXResourcesBuildPhase;
			buildActionMask = 2147483647;
			files = (
				1904F09E22F36A4D00C93826 /* blockerList.json in Resources */,
			);
			runOnlyForDeploymentPostprocessing = 0;
		};
		19151FA722F2523E00A4388D /* Resources */ = {
			isa = PBXResourcesBuildPhase;
			buildActionMask = 2147483647;
			files = (
				19151FAD22F2523E00A4388D /* blockerList.json in Resources */,
			);
			runOnlyForDeploymentPostprocessing = 0;
		};
		1941A4B022E9551300AF66B7 /* Resources */ = {
			isa = PBXResourcesBuildPhase;
			buildActionMask = 2147483647;
			files = (
				1941A4B622E9551300AF66B7 /* uBlock_Origin.entitlements in Resources */,
				1941A4BF22E9551400AF66B7 /* Assets.xcassets in Resources */,
				1941A4BB22E9551300AF66B7 /* Main.storyboard in Resources */,
			);
			runOnlyForDeploymentPostprocessing = 0;
		};
		1941A4C322E9551400AF66B7 /* Resources */ = {
			isa = PBXResourcesBuildPhase;
			buildActionMask = 2147483647;
			files = (
				1941A50922EA6C4D00AF66B7 /* safari-icon16.svg in Resources */,
				1941A50822EA6C4D00AF66B7 /* safari-icon16-off@2x.png in Resources */,
				1941A50422EA6C4D00AF66B7 /* safari-icon16@2x.png in Resources */,
				1941A4D822E9551400AF66B7 /* ToolbarItemIcon.pdf in Resources */,
				1941A50622EA6C4D00AF66B7 /* safari-icon16-off.svg in Resources */,
				1941A4F722E9574500AF66B7 /* power-button-off.png in Resources */,
				1941A4D322E9551400AF66B7 /* SafariExtensionViewController.xib in Resources */,
				1941A4D622E9551400AF66B7 /* script.js in Resources */,
				1941A50522EA6C4D00AF66B7 /* safari-icon16-off.png in Resources */,
				1941A50722EA6C4D00AF66B7 /* safari-icon16.png in Resources */,
			);
			runOnlyForDeploymentPostprocessing = 0;
		};
		19BF970322F36ADD00E64B5A /* Resources */ = {
			isa = PBXResourcesBuildPhase;
			buildActionMask = 2147483647;
			files = (
				19BF970922F36ADD00E64B5A /* blockerList.json in Resources */,
			);
			runOnlyForDeploymentPostprocessing = 0;
		};
		19BF971622F36B3C00E64B5A /* Resources */ = {
			isa = PBXResourcesBuildPhase;
			buildActionMask = 2147483647;
			files = (
				19BF971C22F36B3C00E64B5A /* blockerList.json in Resources */,
			);
			runOnlyForDeploymentPostprocessing = 0;
		};
		19BF972922F36C7900E64B5A /* Resources */ = {
			isa = PBXResourcesBuildPhase;
			buildActionMask = 2147483647;
			files = (
				19BF972F22F36C7900E64B5A /* blockerList.json in Resources */,
			);
			runOnlyForDeploymentPostprocessing = 0;
		};
		19BF973C22F3707900E64B5A /* Resources */ = {
			isa = PBXResourcesBuildPhase;
			buildActionMask = 2147483647;
			files = (
				19BF974222F3707900E64B5A /* blockerList.json in Resources */,
			);
			runOnlyForDeploymentPostprocessing = 0;
		};
		19BF974F22F3732500E64B5A /* Resources */ = {
			isa = PBXResourcesBuildPhase;
			buildActionMask = 2147483647;
			files = (
				19BF975522F3732500E64B5A /* blockerList.json in Resources */,
			);
			runOnlyForDeploymentPostprocessing = 0;
		};
/* End PBXResourcesBuildPhase section */

/* Begin PBXSourcesBuildPhase section */
		1904F04A22F29A8900C93826 /* Sources */ = {
			isa = PBXSourcesBuildPhase;
			buildActionMask = 2147483647;
			files = (
				1904F05422F29A8900C93826 /* ContentBlockerRequestHandler.swift in Sources */,
			);
			runOnlyForDeploymentPostprocessing = 0;
		};
		1904F05D22F29B0B00C93826 /* Sources */ = {
			isa = PBXSourcesBuildPhase;
			buildActionMask = 2147483647;
			files = (
				1904F06722F29B0B00C93826 /* ContentBlockerRequestHandler.swift in Sources */,
			);
			runOnlyForDeploymentPostprocessing = 0;
		};
		1904F07022F29B3F00C93826 /* Sources */ = {
			isa = PBXSourcesBuildPhase;
			buildActionMask = 2147483647;
			files = (
				1904F07A22F29B3F00C93826 /* ContentBlockerRequestHandler.swift in Sources */,
			);
			runOnlyForDeploymentPostprocessing = 0;
		};
		1904F08322F29B7F00C93826 /* Sources */ = {
			isa = PBXSourcesBuildPhase;
			buildActionMask = 2147483647;
			files = (
				1904F08D22F29B7F00C93826 /* ContentBlockerRequestHandler.swift in Sources */,
			);
			runOnlyForDeploymentPostprocessing = 0;
		};
		1904F09622F36A4D00C93826 /* Sources */ = {
			isa = PBXSourcesBuildPhase;
			buildActionMask = 2147483647;
			files = (
				1904F0A022F36A4D00C93826 /* ContentBlockerRequestHandler.swift in Sources */,
			);
			runOnlyForDeploymentPostprocessing = 0;
		};
		19151FA522F2523E00A4388D /* Sources */ = {
			isa = PBXSourcesBuildPhase;
			buildActionMask = 2147483647;
			files = (
				19151FAF22F2523E00A4388D /* ContentBlockerRequestHandler.swift in Sources */,
			);
			runOnlyForDeploymentPostprocessing = 0;
		};
		1941A4AE22E9551300AF66B7 /* Sources */ = {
			isa = PBXSourcesBuildPhase;
			buildActionMask = 2147483647;
			files = (
				1941A4BD22E9551300AF66B7 /* ViewController.swift in Sources */,
				1941A4B822E9551300AF66B7 /* AppDelegate.swift in Sources */,
			);
			runOnlyForDeploymentPostprocessing = 0;
		};
		1941A4C122E9551400AF66B7 /* Sources */ = {
			isa = PBXSourcesBuildPhase;
			buildActionMask = 2147483647;
			files = (
				1941A4D022E9551400AF66B7 /* SafariExtensionViewController.swift in Sources */,
				1941A4CE22E9551400AF66B7 /* SafariExtensionHandler.swift in Sources */,
			);
			runOnlyForDeploymentPostprocessing = 0;
		};
		19BF970122F36ADD00E64B5A /* Sources */ = {
			isa = PBXSourcesBuildPhase;
			buildActionMask = 2147483647;
			files = (
				19BF970B22F36ADD00E64B5A /* ContentBlockerRequestHandler.swift in Sources */,
			);
			runOnlyForDeploymentPostprocessing = 0;
		};
		19BF971422F36B3C00E64B5A /* Sources */ = {
			isa = PBXSourcesBuildPhase;
			buildActionMask = 2147483647;
			files = (
				19BF971E22F36B3C00E64B5A /* ContentBlockerRequestHandler.swift in Sources */,
			);
			runOnlyForDeploymentPostprocessing = 0;
		};
		19BF972722F36C7900E64B5A /* Sources */ = {
			isa = PBXSourcesBuildPhase;
			buildActionMask = 2147483647;
			files = (
				19BF973122F36C7900E64B5A /* ContentBlockerRequestHandler.swift in Sources */,
			);
			runOnlyForDeploymentPostprocessing = 0;
		};
		19BF973A22F3707900E64B5A /* Sources */ = {
			isa = PBXSourcesBuildPhase;
			buildActionMask = 2147483647;
			files = (
				19BF974422F3707900E64B5A /* ContentBlockerRequestHandler.swift in Sources */,
			);
			runOnlyForDeploymentPostprocessing = 0;
		};
		19BF974D22F3732500E64B5A /* Sources */ = {
			isa = PBXSourcesBuildPhase;
			buildActionMask = 2147483647;
			files = (
				19BF975722F3732500E64B5A /* ContentBlockerRequestHandler.swift in Sources */,
			);
			runOnlyForDeploymentPostprocessing = 0;
		};
/* End PBXSourcesBuildPhase section */

/* Begin PBXTargetDependency section */
		1904F05822F29A8900C93826 /* PBXTargetDependency */ = {
			isa = PBXTargetDependency;
			target = 1904F04D22F29A8900C93826 /* uBlock filters - Badware risks */;
			targetProxy = 1904F05722F29A8900C93826 /* PBXContainerItemProxy */;
		};
		1904F06B22F29B0B00C93826 /* PBXTargetDependency */ = {
			isa = PBXTargetDependency;
			target = 1904F06022F29B0B00C93826 /* uBlock filters - Privacy */;
			targetProxy = 1904F06A22F29B0B00C93826 /* PBXContainerItemProxy */;
		};
		1904F07E22F29B3F00C93826 /* PBXTargetDependency */ = {
			isa = PBXTargetDependency;
			target = 1904F07322F29B3F00C93826 /* uBlock filters - Resource abuse */;
			targetProxy = 1904F07D22F29B3F00C93826 /* PBXContainerItemProxy */;
		};
		1904F09122F29B7F00C93826 /* PBXTargetDependency */ = {
			isa = PBXTargetDependency;
			target = 1904F08622F29B7F00C93826 /* uBlock filters - Unbreak */;
			targetProxy = 1904F09022F29B7F00C93826 /* PBXContainerItemProxy */;
		};
		1904F0A422F36A4D00C93826 /* PBXTargetDependency */ = {
			isa = PBXTargetDependency;
			target = 1904F09922F36A4D00C93826 /* uBlock - EasyPrivacy */;
			targetProxy = 1904F0A322F36A4D00C93826 /* PBXContainerItemProxy */;
		};
		19151FB322F2523E00A4388D /* PBXTargetDependency */ = {
			isa = PBXTargetDependency;
			target = 19151FA822F2523E00A4388D /* uBlock filters */;
			targetProxy = 19151FB222F2523E00A4388D /* PBXContainerItemProxy */;
		};
		1941A4C822E9551400AF66B7 /* PBXTargetDependency */ = {
			isa = PBXTargetDependency;
			target = 1941A4C422E9551400AF66B7 /* uBlock Origin Extension */;
			targetProxy = 1941A4C722E9551400AF66B7 /* PBXContainerItemProxy */;
		};
		19BF970F22F36ADD00E64B5A /* PBXTargetDependency */ = {
			isa = PBXTargetDependency;
			target = 19BF970422F36ADD00E64B5A /* uBlock - Malware Domain List */;
			targetProxy = 19BF970E22F36ADD00E64B5A /* PBXContainerItemProxy */;
		};
		19BF972222F36B3C00E64B5A /* PBXTargetDependency */ = {
			isa = PBXTargetDependency;
			target = 19BF971722F36B3C00E64B5A /* uBlock - Malware domains */;
			targetProxy = 19BF972122F36B3C00E64B5A /* PBXContainerItemProxy */;
		};
		19BF973522F36C7900E64B5A /* PBXTargetDependency */ = {
			isa = PBXTargetDependency;
			target = 19BF972A22F36C7900E64B5A /* uBlock - Peter Lowe’s Ad and tracking server list */;
			targetProxy = 19BF973422F36C7900E64B5A /* PBXContainerItemProxy */;
		};
		19BF974822F3707900E64B5A /* PBXTargetDependency */ = {
			isa = PBXTargetDependency;
			target = 19BF973D22F3707900E64B5A /* uBlock - EasyList A */;
			targetProxy = 19BF974722F3707900E64B5A /* PBXContainerItemProxy */;
		};
		19BF975B22F3732500E64B5A /* PBXTargetDependency */ = {
			isa = PBXTargetDependency;
			target = 19BF975022F3732500E64B5A /* uBlock - EasyList B */;
			targetProxy = 19BF975A22F3732500E64B5A /* PBXContainerItemProxy */;
		};
/* End PBXTargetDependency section */

/* Begin PBXVariantGroup section */
		1941A4B922E9551300AF66B7 /* Main.storyboard */ = {
			isa = PBXVariantGroup;
			children = (
				1941A4BA22E9551300AF66B7 /* Base */,
			);
			name = Main.storyboard;
			sourceTree = "<group>";
		};
		1941A4D122E9551400AF66B7 /* SafariExtensionViewController.xib */ = {
			isa = PBXVariantGroup;
			children = (
				1941A4D222E9551400AF66B7 /* Base */,
			);
			name = SafariExtensionViewController.xib;
			sourceTree = "<group>";
		};
/* End PBXVariantGroup section */

/* Begin XCBuildConfiguration section */
		1904F05A22F29A8900C93826 /* Debug */ = {
			isa = XCBuildConfiguration;
			buildSettings = {
				CODE_SIGN_ENTITLEMENTS = "uBlock filters - Badware risks/uBlock_filters___Badware_risks.entitlements";
				CODE_SIGN_STYLE = Automatic;
				DEVELOPMENT_TEAM = FE7T2KK6SX;
				INFOPLIST_FILE = "uBlock filters - Badware risks/Info.plist";
				LD_RUNPATH_SEARCH_PATHS = (
					"$(inherited)",
					"@executable_path/../Frameworks",
					"@executable_path/../../../../Frameworks",
				);
				PRODUCT_BUNDLE_IDENTIFIER = "com.mattieapps.uBlock-Origin.uBlock-filters---Badware-risks";
				PRODUCT_NAME = "$(TARGET_NAME)";
				SKIP_INSTALL = YES;
				SWIFT_VERSION = 5.0;
			};
			name = Debug;
		};
		1904F05B22F29A8900C93826 /* Release */ = {
			isa = XCBuildConfiguration;
			buildSettings = {
				CODE_SIGN_ENTITLEMENTS = "uBlock filters - Badware risks/uBlock_filters___Badware_risks.entitlements";
				CODE_SIGN_STYLE = Automatic;
				DEVELOPMENT_TEAM = FE7T2KK6SX;
				INFOPLIST_FILE = "uBlock filters - Badware risks/Info.plist";
				LD_RUNPATH_SEARCH_PATHS = (
					"$(inherited)",
					"@executable_path/../Frameworks",
					"@executable_path/../../../../Frameworks",
				);
				PRODUCT_BUNDLE_IDENTIFIER = "com.mattieapps.uBlock-Origin.uBlock-filters---Badware-risks";
				PRODUCT_NAME = "$(TARGET_NAME)";
				SKIP_INSTALL = YES;
				SWIFT_VERSION = 5.0;
			};
			name = Release;
		};
		1904F06E22F29B0B00C93826 /* Debug */ = {
			isa = XCBuildConfiguration;
			buildSettings = {
				CODE_SIGN_ENTITLEMENTS = "uBlock filters - Privacy/uBlock_filters___Privacy.entitlements";
				CODE_SIGN_STYLE = Automatic;
				DEVELOPMENT_TEAM = FE7T2KK6SX;
				INFOPLIST_FILE = "uBlock filters - Privacy/Info.plist";
				LD_RUNPATH_SEARCH_PATHS = (
					"$(inherited)",
					"@executable_path/../Frameworks",
					"@executable_path/../../../../Frameworks",
				);
				PRODUCT_BUNDLE_IDENTIFIER = "com.mattieapps.uBlock-Origin.uBlock-filters---Privacy";
				PRODUCT_NAME = "$(TARGET_NAME)";
				SKIP_INSTALL = YES;
				SWIFT_VERSION = 5.0;
			};
			name = Debug;
		};
		1904F06F22F29B0B00C93826 /* Release */ = {
			isa = XCBuildConfiguration;
			buildSettings = {
				CODE_SIGN_ENTITLEMENTS = "uBlock filters - Privacy/uBlock_filters___Privacy.entitlements";
				CODE_SIGN_STYLE = Automatic;
				DEVELOPMENT_TEAM = FE7T2KK6SX;
				INFOPLIST_FILE = "uBlock filters - Privacy/Info.plist";
				LD_RUNPATH_SEARCH_PATHS = (
					"$(inherited)",
					"@executable_path/../Frameworks",
					"@executable_path/../../../../Frameworks",
				);
				PRODUCT_BUNDLE_IDENTIFIER = "com.mattieapps.uBlock-Origin.uBlock-filters---Privacy";
				PRODUCT_NAME = "$(TARGET_NAME)";
				SKIP_INSTALL = YES;
				SWIFT_VERSION = 5.0;
			};
			name = Release;
		};
		1904F08122F29B3F00C93826 /* Debug */ = {
			isa = XCBuildConfiguration;
			buildSettings = {
				CODE_SIGN_ENTITLEMENTS = "uBlock filters - Resource abuse/uBlock_filters___Resource_abuse.entitlements";
				CODE_SIGN_STYLE = Automatic;
				DEVELOPMENT_TEAM = FE7T2KK6SX;
				INFOPLIST_FILE = "uBlock filters - Resource abuse/Info.plist";
				LD_RUNPATH_SEARCH_PATHS = (
					"$(inherited)",
					"@executable_path/../Frameworks",
					"@executable_path/../../../../Frameworks",
				);
				PRODUCT_BUNDLE_IDENTIFIER = "com.mattieapps.uBlock-Origin.uBlock-filters---Resource-abuse";
				PRODUCT_NAME = "$(TARGET_NAME)";
				SKIP_INSTALL = YES;
				SWIFT_VERSION = 5.0;
			};
			name = Debug;
		};
		1904F08222F29B3F00C93826 /* Release */ = {
			isa = XCBuildConfiguration;
			buildSettings = {
				CODE_SIGN_ENTITLEMENTS = "uBlock filters - Resource abuse/uBlock_filters___Resource_abuse.entitlements";
				CODE_SIGN_STYLE = Automatic;
				DEVELOPMENT_TEAM = FE7T2KK6SX;
				INFOPLIST_FILE = "uBlock filters - Resource abuse/Info.plist";
				LD_RUNPATH_SEARCH_PATHS = (
					"$(inherited)",
					"@executable_path/../Frameworks",
					"@executable_path/../../../../Frameworks",
				);
				PRODUCT_BUNDLE_IDENTIFIER = "com.mattieapps.uBlock-Origin.uBlock-filters---Resource-abuse";
				PRODUCT_NAME = "$(TARGET_NAME)";
				SKIP_INSTALL = YES;
				SWIFT_VERSION = 5.0;
			};
			name = Release;
		};
		1904F09422F29B7F00C93826 /* Debug */ = {
			isa = XCBuildConfiguration;
			buildSettings = {
				CODE_SIGN_ENTITLEMENTS = "uBlock filters - Unbreak/uBlock_filters___Unbreak.entitlements";
				CODE_SIGN_STYLE = Automatic;
				DEVELOPMENT_TEAM = FE7T2KK6SX;
				INFOPLIST_FILE = "uBlock filters - Unbreak/Info.plist";
				LD_RUNPATH_SEARCH_PATHS = (
					"$(inherited)",
					"@executable_path/../Frameworks",
					"@executable_path/../../../../Frameworks",
				);
				PRODUCT_BUNDLE_IDENTIFIER = "com.mattieapps.uBlock-Origin.uBlock-filters---Unbreak";
				PRODUCT_NAME = "$(TARGET_NAME)";
				SKIP_INSTALL = YES;
				SWIFT_VERSION = 5.0;
			};
			name = Debug;
		};
		1904F09522F29B7F00C93826 /* Release */ = {
			isa = XCBuildConfiguration;
			buildSettings = {
				CODE_SIGN_ENTITLEMENTS = "uBlock filters - Unbreak/uBlock_filters___Unbreak.entitlements";
				CODE_SIGN_STYLE = Automatic;
				DEVELOPMENT_TEAM = FE7T2KK6SX;
				INFOPLIST_FILE = "uBlock filters - Unbreak/Info.plist";
				LD_RUNPATH_SEARCH_PATHS = (
					"$(inherited)",
					"@executable_path/../Frameworks",
					"@executable_path/../../../../Frameworks",
				);
				PRODUCT_BUNDLE_IDENTIFIER = "com.mattieapps.uBlock-Origin.uBlock-filters---Unbreak";
				PRODUCT_NAME = "$(TARGET_NAME)";
				SKIP_INSTALL = YES;
				SWIFT_VERSION = 5.0;
			};
			name = Release;
		};
		1904F0A722F36A4D00C93826 /* Debug */ = {
			isa = XCBuildConfiguration;
			buildSettings = {
				CODE_SIGN_ENTITLEMENTS = "uBlock - EasyPrivacy/uBlock___EasyPrivacy.entitlements";
				CODE_SIGN_STYLE = Automatic;
				DEVELOPMENT_TEAM = FE7T2KK6SX;
				INFOPLIST_FILE = "uBlock - EasyPrivacy/Info.plist";
				LD_RUNPATH_SEARCH_PATHS = (
					"$(inherited)",
					"@executable_path/../Frameworks",
					"@executable_path/../../../../Frameworks",
				);
				PRODUCT_BUNDLE_IDENTIFIER = "com.mattieapps.uBlock-Origin.uBlock---EasyPrivacy";
				PRODUCT_NAME = "$(TARGET_NAME)";
				SKIP_INSTALL = YES;
				SWIFT_VERSION = 5.0;
			};
			name = Debug;
		};
		1904F0A822F36A4D00C93826 /* Release */ = {
			isa = XCBuildConfiguration;
			buildSettings = {
				CODE_SIGN_ENTITLEMENTS = "uBlock - EasyPrivacy/uBlock___EasyPrivacy.entitlements";
				CODE_SIGN_STYLE = Automatic;
				DEVELOPMENT_TEAM = FE7T2KK6SX;
				INFOPLIST_FILE = "uBlock - EasyPrivacy/Info.plist";
				LD_RUNPATH_SEARCH_PATHS = (
					"$(inherited)",
					"@executable_path/../Frameworks",
					"@executable_path/../../../../Frameworks",
				);
				PRODUCT_BUNDLE_IDENTIFIER = "com.mattieapps.uBlock-Origin.uBlock---EasyPrivacy";
				PRODUCT_NAME = "$(TARGET_NAME)";
				SKIP_INSTALL = YES;
				SWIFT_VERSION = 5.0;
			};
			name = Release;
		};
		19151FB622F2523E00A4388D /* Debug */ = {
			isa = XCBuildConfiguration;
			buildSettings = {
				CODE_SIGN_ENTITLEMENTS = "uBlock filters/uBlock_filters.entitlements";
				CODE_SIGN_STYLE = Automatic;
				DEVELOPMENT_TEAM = FE7T2KK6SX;
				INFOPLIST_FILE = "uBlock filters/Info.plist";
				LD_RUNPATH_SEARCH_PATHS = (
					"$(inherited)",
					"@executable_path/../Frameworks",
					"@executable_path/../../../../Frameworks",
				);
				PRODUCT_BUNDLE_IDENTIFIER = "com.mattieapps.uBlock-Origin.uBlock-filters";
				PRODUCT_NAME = "$(TARGET_NAME)";
				SKIP_INSTALL = YES;
				SWIFT_VERSION = 5.0;
			};
			name = Debug;
		};
		19151FB722F2523E00A4388D /* Release */ = {
			isa = XCBuildConfiguration;
			buildSettings = {
				CODE_SIGN_ENTITLEMENTS = "uBlock filters/uBlock_filters.entitlements";
				CODE_SIGN_STYLE = Automatic;
				DEVELOPMENT_TEAM = FE7T2KK6SX;
				INFOPLIST_FILE = "uBlock filters/Info.plist";
				LD_RUNPATH_SEARCH_PATHS = (
					"$(inherited)",
					"@executable_path/../Frameworks",
					"@executable_path/../../../../Frameworks",
				);
				PRODUCT_BUNDLE_IDENTIFIER = "com.mattieapps.uBlock-Origin.uBlock-filters";
				PRODUCT_NAME = "$(TARGET_NAME)";
				SKIP_INSTALL = YES;
				SWIFT_VERSION = 5.0;
			};
			name = Release;
		};
		1941A4DA22E9551400AF66B7 /* Debug */ = {
			isa = XCBuildConfiguration;
			buildSettings = {
				ALWAYS_SEARCH_USER_PATHS = NO;
				CLANG_ANALYZER_NONNULL = YES;
				CLANG_ANALYZER_NUMBER_OBJECT_CONVERSION = YES_AGGRESSIVE;
				CLANG_CXX_LANGUAGE_STANDARD = "gnu++14";
				CLANG_CXX_LIBRARY = "libc++";
				CLANG_ENABLE_MODULES = YES;
				CLANG_ENABLE_OBJC_ARC = YES;
				CLANG_ENABLE_OBJC_WEAK = YES;
				CLANG_WARN_BLOCK_CAPTURE_AUTORELEASING = YES;
				CLANG_WARN_BOOL_CONVERSION = YES;
				CLANG_WARN_COMMA = YES;
				CLANG_WARN_CONSTANT_CONVERSION = YES;
				CLANG_WARN_DEPRECATED_OBJC_IMPLEMENTATIONS = YES;
				CLANG_WARN_DIRECT_OBJC_ISA_USAGE = YES_ERROR;
				CLANG_WARN_DOCUMENTATION_COMMENTS = YES;
				CLANG_WARN_EMPTY_BODY = YES;
				CLANG_WARN_ENUM_CONVERSION = YES;
				CLANG_WARN_INFINITE_RECURSION = YES;
				CLANG_WARN_INT_CONVERSION = YES;
				CLANG_WARN_NON_LITERAL_NULL_CONVERSION = YES;
				CLANG_WARN_OBJC_IMPLICIT_RETAIN_SELF = YES;
				CLANG_WARN_OBJC_LITERAL_CONVERSION = YES;
				CLANG_WARN_OBJC_ROOT_CLASS = YES_ERROR;
				CLANG_WARN_RANGE_LOOP_ANALYSIS = YES;
				CLANG_WARN_STRICT_PROTOTYPES = YES;
				CLANG_WARN_SUSPICIOUS_MOVE = YES;
				CLANG_WARN_UNGUARDED_AVAILABILITY = YES_AGGRESSIVE;
				CLANG_WARN_UNREACHABLE_CODE = YES;
				CLANG_WARN__DUPLICATE_METHOD_MATCH = YES;
				CODE_SIGN_IDENTITY = "Mac Developer";
				COPY_PHASE_STRIP = NO;
				DEBUG_INFORMATION_FORMAT = dwarf;
				ENABLE_STRICT_OBJC_MSGSEND = YES;
				ENABLE_TESTABILITY = YES;
				GCC_C_LANGUAGE_STANDARD = gnu11;
				GCC_DYNAMIC_NO_PIC = NO;
				GCC_NO_COMMON_BLOCKS = YES;
				GCC_OPTIMIZATION_LEVEL = 0;
				GCC_PREPROCESSOR_DEFINITIONS = (
					"DEBUG=1",
					"$(inherited)",
				);
				GCC_WARN_64_TO_32_BIT_CONVERSION = YES;
				GCC_WARN_ABOUT_RETURN_TYPE = YES_ERROR;
				GCC_WARN_UNDECLARED_SELECTOR = YES;
				GCC_WARN_UNINITIALIZED_AUTOS = YES_AGGRESSIVE;
				GCC_WARN_UNUSED_FUNCTION = YES;
				GCC_WARN_UNUSED_VARIABLE = YES;
				MACOSX_DEPLOYMENT_TARGET = 10.14;
				MTL_ENABLE_DEBUG_INFO = INCLUDE_SOURCE;
				MTL_FAST_MATH = YES;
				ONLY_ACTIVE_ARCH = YES;
				SDKROOT = macosx;
				SWIFT_ACTIVE_COMPILATION_CONDITIONS = DEBUG;
				SWIFT_OPTIMIZATION_LEVEL = "-Onone";
			};
			name = Debug;
		};
		1941A4DB22E9551400AF66B7 /* Release */ = {
			isa = XCBuildConfiguration;
			buildSettings = {
				ALWAYS_SEARCH_USER_PATHS = NO;
				CLANG_ANALYZER_NONNULL = YES;
				CLANG_ANALYZER_NUMBER_OBJECT_CONVERSION = YES_AGGRESSIVE;
				CLANG_CXX_LANGUAGE_STANDARD = "gnu++14";
				CLANG_CXX_LIBRARY = "libc++";
				CLANG_ENABLE_MODULES = YES;
				CLANG_ENABLE_OBJC_ARC = YES;
				CLANG_ENABLE_OBJC_WEAK = YES;
				CLANG_WARN_BLOCK_CAPTURE_AUTORELEASING = YES;
				CLANG_WARN_BOOL_CONVERSION = YES;
				CLANG_WARN_COMMA = YES;
				CLANG_WARN_CONSTANT_CONVERSION = YES;
				CLANG_WARN_DEPRECATED_OBJC_IMPLEMENTATIONS = YES;
				CLANG_WARN_DIRECT_OBJC_ISA_USAGE = YES_ERROR;
				CLANG_WARN_DOCUMENTATION_COMMENTS = YES;
				CLANG_WARN_EMPTY_BODY = YES;
				CLANG_WARN_ENUM_CONVERSION = YES;
				CLANG_WARN_INFINITE_RECURSION = YES;
				CLANG_WARN_INT_CONVERSION = YES;
				CLANG_WARN_NON_LITERAL_NULL_CONVERSION = YES;
				CLANG_WARN_OBJC_IMPLICIT_RETAIN_SELF = YES;
				CLANG_WARN_OBJC_LITERAL_CONVERSION = YES;
				CLANG_WARN_OBJC_ROOT_CLASS = YES_ERROR;
				CLANG_WARN_RANGE_LOOP_ANALYSIS = YES;
				CLANG_WARN_STRICT_PROTOTYPES = YES;
				CLANG_WARN_SUSPICIOUS_MOVE = YES;
				CLANG_WARN_UNGUARDED_AVAILABILITY = YES_AGGRESSIVE;
				CLANG_WARN_UNREACHABLE_CODE = YES;
				CLANG_WARN__DUPLICATE_METHOD_MATCH = YES;
				CODE_SIGN_IDENTITY = "Mac Developer";
				COPY_PHASE_STRIP = NO;
				DEBUG_INFORMATION_FORMAT = "dwarf-with-dsym";
				ENABLE_NS_ASSERTIONS = NO;
				ENABLE_STRICT_OBJC_MSGSEND = YES;
				GCC_C_LANGUAGE_STANDARD = gnu11;
				GCC_NO_COMMON_BLOCKS = YES;
				GCC_WARN_64_TO_32_BIT_CONVERSION = YES;
				GCC_WARN_ABOUT_RETURN_TYPE = YES_ERROR;
				GCC_WARN_UNDECLARED_SELECTOR = YES;
				GCC_WARN_UNINITIALIZED_AUTOS = YES_AGGRESSIVE;
				GCC_WARN_UNUSED_FUNCTION = YES;
				GCC_WARN_UNUSED_VARIABLE = YES;
				MACOSX_DEPLOYMENT_TARGET = 10.14;
				MTL_ENABLE_DEBUG_INFO = NO;
				MTL_FAST_MATH = YES;
				SDKROOT = macosx;
				SWIFT_COMPILATION_MODE = wholemodule;
				SWIFT_OPTIMIZATION_LEVEL = "-O";
			};
			name = Release;
		};
		1941A4DD22E9551400AF66B7 /* Debug */ = {
			isa = XCBuildConfiguration;
			buildSettings = {
				CODE_SIGN_ENTITLEMENTS = "uBlock Origin Extension/uBlock_Origin_Extension.entitlements";
				CODE_SIGN_STYLE = Automatic;
				DEVELOPMENT_TEAM = FE7T2KK6SX;
				INFOPLIST_FILE = "uBlock Origin Extension/Info.plist";
				LD_RUNPATH_SEARCH_PATHS = (
					"$(inherited)",
					"@executable_path/../Frameworks",
					"@executable_path/../../../../Frameworks",
				);
				PRODUCT_BUNDLE_IDENTIFIER = "com.mattieapps.uBlock-Origin-Extension";
				PRODUCT_NAME = "$(TARGET_NAME)";
				SKIP_INSTALL = YES;
				SWIFT_VERSION = 5.0;
			};
			name = Debug;
		};
		1941A4DE22E9551400AF66B7 /* Release */ = {
			isa = XCBuildConfiguration;
			buildSettings = {
				CODE_SIGN_ENTITLEMENTS = "uBlock Origin Extension/uBlock_Origin_Extension.entitlements";
				CODE_SIGN_STYLE = Automatic;
				DEVELOPMENT_TEAM = FE7T2KK6SX;
				INFOPLIST_FILE = "uBlock Origin Extension/Info.plist";
				LD_RUNPATH_SEARCH_PATHS = (
					"$(inherited)",
					"@executable_path/../Frameworks",
					"@executable_path/../../../../Frameworks",
				);
				PRODUCT_BUNDLE_IDENTIFIER = "com.mattieapps.uBlock-Origin-Extension";
				PRODUCT_NAME = "$(TARGET_NAME)";
				SKIP_INSTALL = YES;
				SWIFT_VERSION = 5.0;
			};
			name = Release;
		};
		1941A4E122E9551400AF66B7 /* Debug */ = {
			isa = XCBuildConfiguration;
			buildSettings = {
				ALWAYS_EMBED_SWIFT_STANDARD_LIBRARIES = YES;
				ASSETCATALOG_COMPILER_APPICON_NAME = AppIcon;
				CODE_SIGN_ENTITLEMENTS = "uBlock Origin/uBlock_Origin.entitlements";
				CODE_SIGN_STYLE = Automatic;
				COMBINE_HIDPI_IMAGES = YES;
				DEVELOPMENT_TEAM = FE7T2KK6SX;
				INFOPLIST_FILE = "uBlock Origin/Info.plist";
				LD_RUNPATH_SEARCH_PATHS = (
					"$(inherited)",
					"@executable_path/../Frameworks",
				);
				PRODUCT_BUNDLE_IDENTIFIER = "com.mattieapps.uBlock-Origin";
				PRODUCT_NAME = "$(TARGET_NAME)";
				SWIFT_VERSION = 5.0;
			};
			name = Debug;
		};
		1941A4E222E9551400AF66B7 /* Release */ = {
			isa = XCBuildConfiguration;
			buildSettings = {
				ALWAYS_EMBED_SWIFT_STANDARD_LIBRARIES = YES;
				ASSETCATALOG_COMPILER_APPICON_NAME = AppIcon;
				CODE_SIGN_ENTITLEMENTS = "uBlock Origin/uBlock_Origin.entitlements";
				CODE_SIGN_STYLE = Automatic;
				COMBINE_HIDPI_IMAGES = YES;
				DEVELOPMENT_TEAM = FE7T2KK6SX;
				INFOPLIST_FILE = "uBlock Origin/Info.plist";
				LD_RUNPATH_SEARCH_PATHS = (
					"$(inherited)",
					"@executable_path/../Frameworks",
				);
				PRODUCT_BUNDLE_IDENTIFIER = "com.mattieapps.uBlock-Origin";
				PRODUCT_NAME = "$(TARGET_NAME)";
				SWIFT_VERSION = 5.0;
			};
			name = Release;
		};
		19BF971122F36ADD00E64B5A /* Debug */ = {
			isa = XCBuildConfiguration;
			buildSettings = {
				CODE_SIGN_ENTITLEMENTS = "uBlock - Malware Domain List/uBlock___Malware_Domain_List.entitlements";
				CODE_SIGN_STYLE = Automatic;
				DEVELOPMENT_TEAM = FE7T2KK6SX;
				INFOPLIST_FILE = "uBlock - Malware Domain List/Info.plist";
				LD_RUNPATH_SEARCH_PATHS = (
					"$(inherited)",
					"@executable_path/../Frameworks",
					"@executable_path/../../../../Frameworks",
				);
				PRODUCT_BUNDLE_IDENTIFIER = "com.mattieapps.uBlock-Origin.uBlock---Malware-Domain-List";
				PRODUCT_NAME = "$(TARGET_NAME)";
				SKIP_INSTALL = YES;
				SWIFT_VERSION = 5.0;
			};
			name = Debug;
		};
		19BF971222F36ADD00E64B5A /* Release */ = {
			isa = XCBuildConfiguration;
			buildSettings = {
				CODE_SIGN_ENTITLEMENTS = "uBlock - Malware Domain List/uBlock___Malware_Domain_List.entitlements";
				CODE_SIGN_STYLE = Automatic;
				DEVELOPMENT_TEAM = FE7T2KK6SX;
				INFOPLIST_FILE = "uBlock - Malware Domain List/Info.plist";
				LD_RUNPATH_SEARCH_PATHS = (
					"$(inherited)",
					"@executable_path/../Frameworks",
					"@executable_path/../../../../Frameworks",
				);
				PRODUCT_BUNDLE_IDENTIFIER = "com.mattieapps.uBlock-Origin.uBlock---Malware-Domain-List";
				PRODUCT_NAME = "$(TARGET_NAME)";
				SKIP_INSTALL = YES;
				SWIFT_VERSION = 5.0;
			};
			name = Release;
		};
		19BF972522F36B3C00E64B5A /* Debug */ = {
			isa = XCBuildConfiguration;
			buildSettings = {
				CODE_SIGN_ENTITLEMENTS = "uBlock - Malware domains/uBlock___Malware_domains.entitlements";
				CODE_SIGN_STYLE = Automatic;
				DEVELOPMENT_TEAM = FE7T2KK6SX;
				INFOPLIST_FILE = "uBlock - Malware domains/Info.plist";
				LD_RUNPATH_SEARCH_PATHS = (
					"$(inherited)",
					"@executable_path/../Frameworks",
					"@executable_path/../../../../Frameworks",
				);
				PRODUCT_BUNDLE_IDENTIFIER = "com.mattieapps.uBlock-Origin.uBlock---Malware-domains";
				PRODUCT_NAME = "$(TARGET_NAME)";
				SKIP_INSTALL = YES;
				SWIFT_VERSION = 5.0;
			};
			name = Debug;
		};
		19BF972622F36B3C00E64B5A /* Release */ = {
			isa = XCBuildConfiguration;
			buildSettings = {
				CODE_SIGN_ENTITLEMENTS = "uBlock - Malware domains/uBlock___Malware_domains.entitlements";
				CODE_SIGN_STYLE = Automatic;
				DEVELOPMENT_TEAM = FE7T2KK6SX;
				INFOPLIST_FILE = "uBlock - Malware domains/Info.plist";
				LD_RUNPATH_SEARCH_PATHS = (
					"$(inherited)",
					"@executable_path/../Frameworks",
					"@executable_path/../../../../Frameworks",
				);
				PRODUCT_BUNDLE_IDENTIFIER = "com.mattieapps.uBlock-Origin.uBlock---Malware-domains";
				PRODUCT_NAME = "$(TARGET_NAME)";
				SKIP_INSTALL = YES;
				SWIFT_VERSION = 5.0;
			};
			name = Release;
		};
		19BF973822F36C7900E64B5A /* Debug */ = {
			isa = XCBuildConfiguration;
			buildSettings = {
				CODE_SIGN_ENTITLEMENTS = "uBlock - Peter Lowe’s Ad and tracking server list/uBlock___Peter_Lowe_s_Ad_and_tracking_server_list.entitlements";
				CODE_SIGN_STYLE = Automatic;
				DEVELOPMENT_TEAM = FE7T2KK6SX;
				INFOPLIST_FILE = "uBlock - Peter Lowe’s Ad and tracking server list/Info.plist";
				LD_RUNPATH_SEARCH_PATHS = (
					"$(inherited)",
					"@executable_path/../Frameworks",
					"@executable_path/../../../../Frameworks",
				);
				PRODUCT_BUNDLE_IDENTIFIER = "com.mattieapps.uBlock-Origin.uBlock---Peter-Lowe-s-Ad-and-tracking-server-list";
				PRODUCT_NAME = "$(TARGET_NAME)";
				SKIP_INSTALL = YES;
				SWIFT_VERSION = 5.0;
			};
			name = Debug;
		};
		19BF973922F36C7900E64B5A /* Release */ = {
			isa = XCBuildConfiguration;
			buildSettings = {
				CODE_SIGN_ENTITLEMENTS = "uBlock - Peter Lowe’s Ad and tracking server list/uBlock___Peter_Lowe_s_Ad_and_tracking_server_list.entitlements";
				CODE_SIGN_STYLE = Automatic;
				DEVELOPMENT_TEAM = FE7T2KK6SX;
				INFOPLIST_FILE = "uBlock - Peter Lowe’s Ad and tracking server list/Info.plist";
				LD_RUNPATH_SEARCH_PATHS = (
					"$(inherited)",
					"@executable_path/../Frameworks",
					"@executable_path/../../../../Frameworks",
				);
				PRODUCT_BUNDLE_IDENTIFIER = "com.mattieapps.uBlock-Origin.uBlock---Peter-Lowe-s-Ad-and-tracking-server-list";
				PRODUCT_NAME = "$(TARGET_NAME)";
				SKIP_INSTALL = YES;
				SWIFT_VERSION = 5.0;
			};
			name = Release;
		};
		19BF974B22F3707900E64B5A /* Debug */ = {
			isa = XCBuildConfiguration;
			buildSettings = {
				CODE_SIGN_ENTITLEMENTS = "uBlock - EasyList A/uBlock___EasyList_A.entitlements";
				CODE_SIGN_STYLE = Automatic;
				DEVELOPMENT_TEAM = FE7T2KK6SX;
				INFOPLIST_FILE = "uBlock - EasyList A/Info.plist";
				LD_RUNPATH_SEARCH_PATHS = (
					"$(inherited)",
					"@executable_path/../Frameworks",
					"@executable_path/../../../../Frameworks",
				);
				PRODUCT_BUNDLE_IDENTIFIER = "com.mattieapps.uBlock-Origin.uBlock---EasyList-A";
				PRODUCT_NAME = "$(TARGET_NAME)";
				SKIP_INSTALL = YES;
				SWIFT_VERSION = 5.0;
			};
			name = Debug;
		};
		19BF974C22F3707900E64B5A /* Release */ = {
			isa = XCBuildConfiguration;
			buildSettings = {
				CODE_SIGN_ENTITLEMENTS = "uBlock - EasyList A/uBlock___EasyList_A.entitlements";
				CODE_SIGN_STYLE = Automatic;
				DEVELOPMENT_TEAM = FE7T2KK6SX;
				INFOPLIST_FILE = "uBlock - EasyList A/Info.plist";
				LD_RUNPATH_SEARCH_PATHS = (
					"$(inherited)",
					"@executable_path/../Frameworks",
					"@executable_path/../../../../Frameworks",
				);
				PRODUCT_BUNDLE_IDENTIFIER = "com.mattieapps.uBlock-Origin.uBlock---EasyList-A";
				PRODUCT_NAME = "$(TARGET_NAME)";
				SKIP_INSTALL = YES;
				SWIFT_VERSION = 5.0;
			};
			name = Release;
		};
		19BF975E22F3732500E64B5A /* Debug */ = {
			isa = XCBuildConfiguration;
			buildSettings = {
				CODE_SIGN_ENTITLEMENTS = "uBlock - EasyList B/uBlock___EasyList_B.entitlements";
				CODE_SIGN_STYLE = Automatic;
				DEVELOPMENT_TEAM = FE7T2KK6SX;
				INFOPLIST_FILE = "uBlock - EasyList B/Info.plist";
				LD_RUNPATH_SEARCH_PATHS = (
					"$(inherited)",
					"@executable_path/../Frameworks",
					"@executable_path/../../../../Frameworks",
				);
				PRODUCT_BUNDLE_IDENTIFIER = "com.mattieapps.uBlock-Origin.uBlock---EasyList-B";
				PRODUCT_NAME = "$(TARGET_NAME)";
				SKIP_INSTALL = YES;
				SWIFT_VERSION = 5.0;
			};
			name = Debug;
		};
		19BF975F22F3732500E64B5A /* Release */ = {
			isa = XCBuildConfiguration;
			buildSettings = {
				CODE_SIGN_ENTITLEMENTS = "uBlock - EasyList B/uBlock___EasyList_B.entitlements";
				CODE_SIGN_STYLE = Automatic;
				DEVELOPMENT_TEAM = FE7T2KK6SX;
				INFOPLIST_FILE = "uBlock - EasyList B/Info.plist";
				LD_RUNPATH_SEARCH_PATHS = (
					"$(inherited)",
					"@executable_path/../Frameworks",
					"@executable_path/../../../../Frameworks",
				);
				PRODUCT_BUNDLE_IDENTIFIER = "com.mattieapps.uBlock-Origin.uBlock---EasyList-B";
				PRODUCT_NAME = "$(TARGET_NAME)";
				SKIP_INSTALL = YES;
				SWIFT_VERSION = 5.0;
			};
			name = Release;
		};
/* End XCBuildConfiguration section */

/* Begin XCConfigurationList section */
		1904F05C22F29A8900C93826 /* Build configuration list for PBXNativeTarget "uBlock filters - Badware risks" */ = {
			isa = XCConfigurationList;
			buildConfigurations = (
				1904F05A22F29A8900C93826 /* Debug */,
				1904F05B22F29A8900C93826 /* Release */,
			);
			defaultConfigurationIsVisible = 0;
			defaultConfigurationName = Release;
		};
		1904F06D22F29B0B00C93826 /* Build configuration list for PBXNativeTarget "uBlock filters - Privacy" */ = {
			isa = XCConfigurationList;
			buildConfigurations = (
				1904F06E22F29B0B00C93826 /* Debug */,
				1904F06F22F29B0B00C93826 /* Release */,
			);
			defaultConfigurationIsVisible = 0;
			defaultConfigurationName = Release;
		};
		1904F08022F29B3F00C93826 /* Build configuration list for PBXNativeTarget "uBlock filters - Resource abuse" */ = {
			isa = XCConfigurationList;
			buildConfigurations = (
				1904F08122F29B3F00C93826 /* Debug */,
				1904F08222F29B3F00C93826 /* Release */,
			);
			defaultConfigurationIsVisible = 0;
			defaultConfigurationName = Release;
		};
		1904F09322F29B7F00C93826 /* Build configuration list for PBXNativeTarget "uBlock filters - Unbreak" */ = {
			isa = XCConfigurationList;
			buildConfigurations = (
				1904F09422F29B7F00C93826 /* Debug */,
				1904F09522F29B7F00C93826 /* Release */,
			);
			defaultConfigurationIsVisible = 0;
			defaultConfigurationName = Release;
		};
		1904F0A622F36A4D00C93826 /* Build configuration list for PBXNativeTarget "uBlock - EasyPrivacy" */ = {
			isa = XCConfigurationList;
			buildConfigurations = (
				1904F0A722F36A4D00C93826 /* Debug */,
				1904F0A822F36A4D00C93826 /* Release */,
			);
			defaultConfigurationIsVisible = 0;
			defaultConfigurationName = Release;
		};
		19151FB522F2523E00A4388D /* Build configuration list for PBXNativeTarget "uBlock filters" */ = {
			isa = XCConfigurationList;
			buildConfigurations = (
				19151FB622F2523E00A4388D /* Debug */,
				19151FB722F2523E00A4388D /* Release */,
			);
			defaultConfigurationIsVisible = 0;
			defaultConfigurationName = Release;
		};
		1941A4AD22E9551300AF66B7 /* Build configuration list for PBXProject "uBlock Origin" */ = {
			isa = XCConfigurationList;
			buildConfigurations = (
				1941A4DA22E9551400AF66B7 /* Debug */,
				1941A4DB22E9551400AF66B7 /* Release */,
			);
			defaultConfigurationIsVisible = 0;
			defaultConfigurationName = Release;
		};
		1941A4DC22E9551400AF66B7 /* Build configuration list for PBXNativeTarget "uBlock Origin Extension" */ = {
			isa = XCConfigurationList;
			buildConfigurations = (
				1941A4DD22E9551400AF66B7 /* Debug */,
				1941A4DE22E9551400AF66B7 /* Release */,
			);
			defaultConfigurationIsVisible = 0;
			defaultConfigurationName = Release;
		};
		1941A4E022E9551400AF66B7 /* Build configuration list for PBXNativeTarget "uBlock Origin" */ = {
			isa = XCConfigurationList;
			buildConfigurations = (
				1941A4E122E9551400AF66B7 /* Debug */,
				1941A4E222E9551400AF66B7 /* Release */,
			);
			defaultConfigurationIsVisible = 0;
			defaultConfigurationName = Release;
		};
		19BF971322F36ADD00E64B5A /* Build configuration list for PBXNativeTarget "uBlock - Malware Domain List" */ = {
			isa = XCConfigurationList;
			buildConfigurations = (
				19BF971122F36ADD00E64B5A /* Debug */,
				19BF971222F36ADD00E64B5A /* Release */,
			);
			defaultConfigurationIsVisible = 0;
			defaultConfigurationName = Release;
		};
		19BF972422F36B3C00E64B5A /* Build configuration list for PBXNativeTarget "uBlock - Malware domains" */ = {
			isa = XCConfigurationList;
			buildConfigurations = (
				19BF972522F36B3C00E64B5A /* Debug */,
				19BF972622F36B3C00E64B5A /* Release */,
			);
			defaultConfigurationIsVisible = 0;
			defaultConfigurationName = Release;
		};
		19BF973722F36C7900E64B5A /* Build configuration list for PBXNativeTarget "uBlock - Peter Lowe’s Ad and tracking server list" */ = {
			isa = XCConfigurationList;
			buildConfigurations = (
				19BF973822F36C7900E64B5A /* Debug */,
				19BF973922F36C7900E64B5A /* Release */,
			);
			defaultConfigurationIsVisible = 0;
			defaultConfigurationName = Release;
		};
		19BF974A22F3707900E64B5A /* Build configuration list for PBXNativeTarget "uBlock - EasyList A" */ = {
			isa = XCConfigurationList;
			buildConfigurations = (
				19BF974B22F3707900E64B5A /* Debug */,
				19BF974C22F3707900E64B5A /* Release */,
			);
			defaultConfigurationIsVisible = 0;
			defaultConfigurationName = Release;
		};
		19BF975D22F3732500E64B5A /* Build configuration list for PBXNativeTarget "uBlock - EasyList B" */ = {
			isa = XCConfigurationList;
			buildConfigurations = (
				19BF975E22F3732500E64B5A /* Debug */,
				19BF975F22F3732500E64B5A /* Release */,
			);
			defaultConfigurationIsVisible = 0;
			defaultConfigurationName = Release;
		};
/* End XCConfigurationList section */
	};
	rootObject = 1941A4AA22E9551300AF66B7 /* Project object */;
}
